{
  "version": 4,
  "terraform_version": "1.1.6",
  "serial": 90,
  "lineage": "6381e6b1-9682-88f0-1381-b417bd731df9",
  "outputs": {
    "application_url": {
      "value": "http://ecsdemo-frontend-alb-1429581121.ap-southeast-1.elb.amazonaws.com",
      "type": "string"
    },
    "ecs_cluster_id": {
      "value": "arn:aws:ecs:ap-southeast-1:409489027555:cluster/ecs-blueprint-infra",
      "type": "string"
    },
    "ecs_cluster_name": {
      "value": "ecs-blueprint-infra",
      "type": "string"
    },
    "ecs_task_execution_role_arn": {
      "value": "arn:aws:iam::409489027555:role/ecs-blueprint-infra-execution",
      "type": "string"
    },
    "ecs_task_execution_role_name": {
      "value": "ecs-blueprint-infra-execution",
      "type": "string"
    },
    "private_subnets": {
      "value": [
        "subnet-05d0d8b7a304708a8",
        "subnet-0a3cdc9d2aef2db6e",
        "subnet-0bf7e93e0acfd4242"
      ],
      "type": [
        "tuple",
        [
          "string",
          "string",
          "string"
        ]
      ]
    },
    "private_subnets_cidr_blocks": {
      "value": [
        "10.0.10.0/24",
        "10.0.11.0/24",
        "10.0.12.0/24"
      ],
      "type": [
        "list",
        "string"
      ]
    },
    "public_subnets": {
      "value": [
        "subnet-08de42269b92af062",
        "subnet-0f6a146546ee17181",
        "subnet-0bbe496e2cf0a5cdb"
      ],
      "type": [
        "tuple",
        [
          "string",
          "string",
          "string"
        ]
      ]
    },
    "sd_namespaces": {
      "value": {
        "default": {
          "arn": "arn:aws:servicediscovery:ap-southeast-1:409489027555:namespace/ns-yvvpmxfep3xxbhvz",
          "description": "service discovery namespace.clustername.local",
          "hosted_zone": "Z08703221AOHEJ70MTGHA",
          "id": "ns-yvvpmxfep3xxbhvz",
          "name": "default.ecs-blueprint-infra.local",
          "tags": {},
          "tags_all": {},
          "vpc": "vpc-08a252cde0bffb7bc"
        },
        "myapp": {
          "arn": "arn:aws:servicediscovery:ap-southeast-1:409489027555:namespace/ns-dt6l6tckvlkhfyba",
          "description": "service discovery namespace.clustername.local",
          "hosted_zone": "Z0285206B6EZK43ANO6K",
          "id": "ns-dt6l6tckvlkhfyba",
          "name": "myapp.ecs-blueprint-infra.local",
          "tags": {},
          "tags_all": {},
          "vpc": "vpc-08a252cde0bffb7bc"
        }
      },
      "type": [
        "object",
        {
          "default": [
            "object",
            {
              "arn": "string",
              "description": "string",
              "hosted_zone": "string",
              "id": "string",
              "name": "string",
              "tags": [
                "map",
                "string"
              ],
              "tags_all": [
                "map",
                "string"
              ],
              "vpc": "string"
            }
          ],
          "myapp": [
            "object",
            {
              "arn": "string",
              "description": "string",
              "hosted_zone": "string",
              "id": "string",
              "name": "string",
              "tags": [
                "map",
                "string"
              ],
              "tags_all": [
                "map",
                "string"
              ],
              "vpc": "string"
            }
          ]
        }
      ]
    },
    "vpc_id": {
      "value": "vpc-08a252cde0bffb7bc",
      "type": "string"
    }
  },
  "resources": [
    {
      "mode": "data",
      "type": "aws_availability_zones",
      "name": "available",
      "provider": "provider[\"registry.terraform.io/hashicorp/aws\"]",
      "instances": [
        {
          "schema_version": 0,
          "attributes": {
            "all_availability_zones": null,
            "exclude_names": null,
            "exclude_zone_ids": null,
            "filter": null,
            "group_names": [
              "ap-southeast-1"
            ],
            "id": "ap-southeast-1",
            "names": [
              "ap-southeast-1a",
              "ap-southeast-1b",
              "ap-southeast-1c"
            ],
            "state": null,
            "timeouts": null,
            "zone_ids": [
              "apse1-az2",
              "apse1-az1",
              "apse1-az3"
            ]
          },
          "sensitive_attributes": []
        }
      ]
    },
    {
      "mode": "data",
      "type": "aws_caller_identity",
      "name": "current",
      "provider": "provider[\"registry.terraform.io/hashicorp/aws\"]",
      "instances": [
        {
          "schema_version": 0,
          "attributes": {
            "account_id": "409489027555",
            "arn": "arn:aws:iam::409489027555:user/bkkwong",
            "id": "409489027555",
            "user_id": "AIDAJ5LGNYITIGPEYPW4Q"
          },
          "sensitive_attributes": []
        }
      ]
    },
    {
      "mode": "data",
      "type": "aws_ecs_cluster",
      "name": "core_infra",
      "provider": "provider[\"registry.terraform.io/hashicorp/aws\"]",
      "instances": [
        {
          "schema_version": 0,
          "attributes": {
            "arn": "arn:aws:ecs:ap-southeast-1:409489027555:cluster/ecs-blueprint-infra",
            "cluster_name": "ecs-blueprint-infra",
            "id": "arn:aws:ecs:ap-southeast-1:409489027555:cluster/ecs-blueprint-infra",
            "pending_tasks_count": 0,
            "registered_container_instances_count": 0,
            "running_tasks_count": 0,
            "setting": [
              {
                "name": "containerInsights",
                "value": "enabled"
              }
            ],
            "status": "ACTIVE"
          },
          "sensitive_attributes": []
        }
      ]
    },
    {
      "mode": "data",
      "type": "aws_iam_policy_document",
      "name": "execution",
      "provider": "provider[\"registry.terraform.io/hashicorp/aws\"]",
      "instances": [
        {
          "schema_version": 0,
          "attributes": {
            "id": "320642683",
            "json": "{\n  \"Version\": \"2012-10-17\",\n  \"Statement\": [\n    {\n      \"Sid\": \"\",\n      \"Effect\": \"Allow\",\n      \"Action\": \"sts:AssumeRole\",\n      \"Principal\": {\n        \"Service\": \"ecs-tasks.amazonaws.com\"\n      }\n    }\n  ]\n}",
            "override_json": null,
            "override_policy_documents": null,
            "policy_id": null,
            "source_json": null,
            "source_policy_documents": null,
            "statement": [
              {
                "actions": [
                  "sts:AssumeRole"
                ],
                "condition": [],
                "effect": "Allow",
                "not_actions": [],
                "not_principals": [],
                "not_resources": [],
                "principals": [
                  {
                    "identifiers": [
                      "ecs-tasks.amazonaws.com"
                    ],
                    "type": "Service"
                  }
                ],
                "resources": [],
                "sid": ""
              }
            ],
            "version": "2012-10-17"
          },
          "sensitive_attributes": []
        }
      ]
    },
    {
      "mode": "data",
      "type": "aws_iam_role",
      "name": "ecs_core_infra_exec_role",
      "provider": "provider[\"registry.terraform.io/hashicorp/aws\"]",
      "instances": [
        {
          "schema_version": 0,
          "attributes": {
            "arn": "arn:aws:iam::409489027555:role/ecs-blueprint-infra-execution",
            "assume_role_policy": "{\"Version\":\"2012-10-17\",\"Statement\":[{\"Sid\":\"\",\"Effect\":\"Allow\",\"Principal\":{\"Service\":\"ecs-tasks.amazonaws.com\"},\"Action\":\"sts:AssumeRole\"}]}",
            "create_date": "2022-10-12T14:05:24Z",
            "description": "",
            "id": "ecs-blueprint-infra-execution",
            "max_session_duration": 3600,
            "name": "ecs-blueprint-infra-execution",
            "path": "/",
            "permissions_boundary": "",
            "tags": {
              "Blueprint": "ecs-blueprint-infra",
              "GithubRepo": "github.com/aws-ia/terraform-aws-ecs-blueprints"
            },
            "unique_id": "AROAV6V3SWHRQMWJESK3N"
          },
          "sensitive_attributes": []
        }
      ]
    },
    {
      "mode": "data",
      "type": "aws_secretsmanager_secret",
      "name": "github_token",
      "provider": "provider[\"registry.terraform.io/hashicorp/aws\"]",
      "instances": [
        {
          "schema_version": 0,
          "attributes": {
            "arn": "arn:aws:secretsmanager:ap-southeast-1:409489027555:secret:ecs-github-token-oxEzg0",
            "description": "",
            "id": "arn:aws:secretsmanager:ap-southeast-1:409489027555:secret:ecs-github-token-oxEzg0",
            "kms_key_id": "",
            "name": "ecs-github-token",
            "policy": "",
            "rotation_enabled": false,
            "rotation_lambda_arn": "",
            "rotation_rules": [],
            "tags": {}
          },
          "sensitive_attributes": []
        }
      ]
    },
    {
      "mode": "data",
      "type": "aws_secretsmanager_secret_version",
      "name": "github_token",
      "provider": "provider[\"registry.terraform.io/hashicorp/aws\"]",
      "instances": [
        {
          "schema_version": 0,
          "attributes": {
            "arn": "arn:aws:secretsmanager:ap-southeast-1:409489027555:secret:ecs-github-token-oxEzg0",
            "id": "arn:aws:secretsmanager:ap-southeast-1:409489027555:secret:ecs-github-token-oxEzg0|AWSCURRENT",
            "secret_binary": "",
            "secret_id": "arn:aws:secretsmanager:ap-southeast-1:409489027555:secret:ecs-github-token-oxEzg0",
            "secret_string": "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",
            "version_id": "c1bf322a-6ec5-4bc3-93f4-fdde8d5158f7",
            "version_stage": "AWSCURRENT",
            "version_stages": [
              "AWSCURRENT"
            ]
          },
          "sensitive_attributes": []
        }
      ]
    },
    {
      "mode": "data",
      "type": "aws_service_discovery_dns_namespace",
      "name": "sd_namespace",
      "provider": "provider[\"registry.terraform.io/hashicorp/aws\"]",
      "instances": [
        {
          "schema_version": 0,
          "attributes": {
            "arn": "arn:aws:servicediscovery:ap-southeast-1:409489027555:namespace/ns-yvvpmxfep3xxbhvz",
            "description": "service discovery namespace.clustername.local",
            "hosted_zone": "Z08703221AOHEJ70MTGHA",
            "id": "ns-yvvpmxfep3xxbhvz",
            "name": "default.ecs-blueprint-infra.local",
            "tags": {},
            "type": "DNS_PRIVATE"
          },
          "sensitive_attributes": []
        }
      ]
    },
    {
      "mode": "data",
      "type": "aws_subnet",
      "name": "private_cidr",
      "provider": "provider[\"registry.terraform.io/hashicorp/aws\"]",
      "instances": [
        {
          "index_key": "subnet-05d0d8b7a304708a8",
          "schema_version": 0,
          "attributes": {
            "arn": "arn:aws:ec2:ap-southeast-1:409489027555:subnet/subnet-05d0d8b7a304708a8",
            "assign_ipv6_address_on_creation": false,
            "availability_zone": "ap-southeast-1a",
            "availability_zone_id": "apse1-az2",
            "available_ip_address_count": 251,
            "cidr_block": "10.0.10.0/24",
            "customer_owned_ipv4_pool": "",
            "default_for_az": false,
            "enable_dns64": false,
            "enable_resource_name_dns_a_record_on_launch": false,
            "enable_resource_name_dns_aaaa_record_on_launch": false,
            "filter": null,
            "id": "subnet-05d0d8b7a304708a8",
            "ipv6_cidr_block": "",
            "ipv6_cidr_block_association_id": "",
            "ipv6_native": false,
            "map_customer_owned_ip_on_launch": false,
            "map_public_ip_on_launch": false,
            "outpost_arn": "",
            "owner_id": "409489027555",
            "private_dns_hostname_type_on_launch": "ip-name",
            "state": "available",
            "tags": {
              "Blueprint": "ecs-blueprint-infra",
              "GithubRepo": "github.com/aws-ia/terraform-aws-ecs-blueprints",
              "Name": "ecs-blueprint-infra-private-ap-southeast-1a"
            },
            "timeouts": null,
            "vpc_id": "vpc-08a252cde0bffb7bc"
          },
          "sensitive_attributes": []
        },
        {
          "index_key": "subnet-0a3cdc9d2aef2db6e",
          "schema_version": 0,
          "attributes": {
            "arn": "arn:aws:ec2:ap-southeast-1:409489027555:subnet/subnet-0a3cdc9d2aef2db6e",
            "assign_ipv6_address_on_creation": false,
            "availability_zone": "ap-southeast-1b",
            "availability_zone_id": "apse1-az1",
            "available_ip_address_count": 251,
            "cidr_block": "10.0.11.0/24",
            "customer_owned_ipv4_pool": "",
            "default_for_az": false,
            "enable_dns64": false,
            "enable_resource_name_dns_a_record_on_launch": false,
            "enable_resource_name_dns_aaaa_record_on_launch": false,
            "filter": null,
            "id": "subnet-0a3cdc9d2aef2db6e",
            "ipv6_cidr_block": "",
            "ipv6_cidr_block_association_id": "",
            "ipv6_native": false,
            "map_customer_owned_ip_on_launch": false,
            "map_public_ip_on_launch": false,
            "outpost_arn": "",
            "owner_id": "409489027555",
            "private_dns_hostname_type_on_launch": "ip-name",
            "state": "available",
            "tags": {
              "Blueprint": "ecs-blueprint-infra",
              "GithubRepo": "github.com/aws-ia/terraform-aws-ecs-blueprints",
              "Name": "ecs-blueprint-infra-private-ap-southeast-1b"
            },
            "timeouts": null,
            "vpc_id": "vpc-08a252cde0bffb7bc"
          },
          "sensitive_attributes": []
        },
        {
          "index_key": "subnet-0bf7e93e0acfd4242",
          "schema_version": 0,
          "attributes": {
            "arn": "arn:aws:ec2:ap-southeast-1:409489027555:subnet/subnet-0bf7e93e0acfd4242",
            "assign_ipv6_address_on_creation": false,
            "availability_zone": "ap-southeast-1c",
            "availability_zone_id": "apse1-az3",
            "available_ip_address_count": 251,
            "cidr_block": "10.0.12.0/24",
            "customer_owned_ipv4_pool": "",
            "default_for_az": false,
            "enable_dns64": false,
            "enable_resource_name_dns_a_record_on_launch": false,
            "enable_resource_name_dns_aaaa_record_on_launch": false,
            "filter": null,
            "id": "subnet-0bf7e93e0acfd4242",
            "ipv6_cidr_block": "",
            "ipv6_cidr_block_association_id": "",
            "ipv6_native": false,
            "map_customer_owned_ip_on_launch": false,
            "map_public_ip_on_launch": false,
            "outpost_arn": "",
            "owner_id": "409489027555",
            "private_dns_hostname_type_on_launch": "ip-name",
            "state": "available",
            "tags": {
              "Blueprint": "ecs-blueprint-infra",
              "GithubRepo": "github.com/aws-ia/terraform-aws-ecs-blueprints",
              "Name": "ecs-blueprint-infra-private-ap-southeast-1c"
            },
            "timeouts": null,
            "vpc_id": "vpc-08a252cde0bffb7bc"
          },
          "sensitive_attributes": []
        }
      ]
    },
    {
      "mode": "data",
      "type": "aws_subnets",
      "name": "private",
      "provider": "provider[\"registry.terraform.io/hashicorp/aws\"]",
      "instances": [
        {
          "schema_version": 0,
          "attributes": {
            "filter": [
              {
                "name": "tag:Name",
                "values": [
                  "ecs-blueprint-infra-private-*"
                ]
              }
            ],
            "id": "ap-southeast-1",
            "ids": [
              "subnet-0a3cdc9d2aef2db6e",
              "subnet-0bf7e93e0acfd4242",
              "subnet-05d0d8b7a304708a8"
            ],
            "tags": null,
            "timeouts": null
          },
          "sensitive_attributes": []
        }
      ]
    },
    {
      "mode": "data",
      "type": "aws_subnets",
      "name": "public",
      "provider": "provider[\"registry.terraform.io/hashicorp/aws\"]",
      "instances": [
        {
          "schema_version": 0,
          "attributes": {
            "filter": [
              {
                "name": "tag:Name",
                "values": [
                  "ecs-blueprint-infra-public-*"
                ]
              }
            ],
            "id": "ap-southeast-1",
            "ids": [
              "subnet-0f6a146546ee17181",
              "subnet-0bbe496e2cf0a5cdb",
              "subnet-08de42269b92af062"
            ],
            "tags": null,
            "timeouts": null
          },
          "sensitive_attributes": []
        }
      ]
    },
    {
      "mode": "data",
      "type": "aws_vpc",
      "name": "vpc",
      "provider": "provider[\"registry.terraform.io/hashicorp/aws\"]",
      "instances": [
        {
          "schema_version": 0,
          "attributes": {
            "arn": "arn:aws:ec2:ap-southeast-1:409489027555:vpc/vpc-08a252cde0bffb7bc",
            "cidr_block": "10.0.0.0/16",
            "cidr_block_associations": [
              {
                "association_id": "vpc-cidr-assoc-04516fdaf051b9eb8",
                "cidr_block": "10.0.0.0/16",
                "state": "associated"
              }
            ],
            "default": false,
            "dhcp_options_id": "dopt-28fad44f",
            "enable_dns_hostnames": true,
            "enable_dns_support": true,
            "filter": [
              {
                "name": "tag:Name",
                "values": [
                  "ecs-blueprint-infra"
                ]
              }
            ],
            "id": "vpc-08a252cde0bffb7bc",
            "instance_tenancy": "default",
            "ipv6_association_id": "",
            "ipv6_cidr_block": "",
            "main_route_table_id": "rtb-04ffebcfd750c76b3",
            "owner_id": "409489027555",
            "state": null,
            "tags": {
              "Blueprint": "ecs-blueprint-infra",
              "GithubRepo": "github.com/aws-ia/terraform-aws-ecs-blueprints",
              "Name": "ecs-blueprint-infra"
            },
            "timeouts": null
          },
          "sensitive_attributes": []
        }
      ]
    },
    {
      "mode": "managed",
      "type": "aws_cloudwatch_log_group",
      "name": "this",
      "provider": "provider[\"registry.terraform.io/hashicorp/aws\"]",
      "instances": [
        {
          "schema_version": 0,
          "attributes": {
            "arn": "arn:aws:logs:ap-southeast-1:409489027555:log-group:/aws/ecs/ecs-blueprint-infra",
            "id": "/aws/ecs/ecs-blueprint-infra",
            "kms_key_id": "",
            "name": "/aws/ecs/ecs-blueprint-infra",
            "name_prefix": null,
            "retention_in_days": 7,
            "tags": {
              "Blueprint": "ecs-blueprint-infra",
              "GithubRepo": "github.com/smartbenson1/ecs-blueprint-demo"
            },
            "tags_all": {
              "Blueprint": "ecs-blueprint-infra",
              "GithubRepo": "github.com/smartbenson1/ecs-blueprint-demo"
            }
          },
          "sensitive_attributes": [],
          "private": "bnVsbA=="
        }
      ]
    },
    {
      "mode": "managed",
      "type": "aws_iam_policy_attachment",
      "name": "execution",
      "provider": "provider[\"registry.terraform.io/hashicorp/aws\"]",
      "instances": [
        {
          "index_key": 0,
          "schema_version": 0,
          "attributes": {
            "groups": [],
            "id": "ecs-blueprint-infra-execution-policy",
            "name": "ecs-blueprint-infra-execution-policy",
            "policy_arn": "arn:aws:iam::aws:policy/AmazonSSMReadOnlyAccess",
            "roles": [
              "ecs-blueprint-infra-execution"
            ],
            "users": []
          },
          "sensitive_attributes": [],
          "private": "bnVsbA==",
          "dependencies": [
            "aws_iam_role.execution",
            "data.aws_iam_policy_document.execution"
          ]
        },
        {
          "index_key": 1,
          "schema_version": 0,
          "attributes": {
            "groups": [],
            "id": "ecs-blueprint-infra-execution-policy",
            "name": "ecs-blueprint-infra-execution-policy",
            "policy_arn": "arn:aws:iam::aws:policy/service-role/AmazonECSTaskExecutionRolePolicy",
            "roles": [
              "ecs-blueprint-infra-execution"
            ],
            "users": []
          },
          "sensitive_attributes": [],
          "private": "bnVsbA==",
          "dependencies": [
            "aws_iam_role.execution",
            "data.aws_iam_policy_document.execution"
          ]
        }
      ]
    },
    {
      "mode": "managed",
      "type": "aws_iam_role",
      "name": "execution",
      "provider": "provider[\"registry.terraform.io/hashicorp/aws\"]",
      "instances": [
        {
          "schema_version": 0,
          "attributes": {
            "arn": "arn:aws:iam::409489027555:role/ecs-blueprint-infra-execution",
            "assume_role_policy": "{\"Statement\":[{\"Action\":\"sts:AssumeRole\",\"Effect\":\"Allow\",\"Principal\":{\"Service\":\"ecs-tasks.amazonaws.com\"},\"Sid\":\"\"}],\"Version\":\"2012-10-17\"}",
            "create_date": "2022-10-12T14:05:24Z",
            "description": "",
            "force_detach_policies": false,
            "id": "ecs-blueprint-infra-execution",
            "inline_policy": [],
            "managed_policy_arns": [
              "arn:aws:iam::aws:policy/AmazonSSMReadOnlyAccess",
              "arn:aws:iam::aws:policy/service-role/AmazonECSTaskExecutionRolePolicy"
            ],
            "max_session_duration": 3600,
            "name": "ecs-blueprint-infra-execution",
            "name_prefix": "",
            "path": "/",
            "permissions_boundary": null,
            "tags": {
              "Blueprint": "ecs-blueprint-infra",
              "GithubRepo": "github.com/smartbenson1/ecs-blueprint-demo"
            },
            "tags_all": {
              "Blueprint": "ecs-blueprint-infra",
              "GithubRepo": "github.com/smartbenson1/ecs-blueprint-demo"
            },
            "unique_id": "AROAV6V3SWHRQMWJESK3N"
          },
          "sensitive_attributes": [],
          "private": "bnVsbA==",
          "dependencies": [
            "data.aws_iam_policy_document.execution"
          ]
        }
      ]
    },
    {
      "mode": "managed",
      "type": "aws_service_discovery_private_dns_namespace",
      "name": "sd_namespaces",
      "provider": "provider[\"registry.terraform.io/hashicorp/aws\"]",
      "instances": [
        {
          "index_key": "default",
          "schema_version": 0,
          "attributes": {
            "arn": "arn:aws:servicediscovery:ap-southeast-1:409489027555:namespace/ns-yvvpmxfep3xxbhvz",
            "description": "service discovery namespace.clustername.local",
            "hosted_zone": "Z08703221AOHEJ70MTGHA",
            "id": "ns-yvvpmxfep3xxbhvz",
            "name": "default.ecs-blueprint-infra.local",
            "tags": {},
            "tags_all": {},
            "vpc": "vpc-08a252cde0bffb7bc"
          },
          "sensitive_attributes": [],
          "private": "bnVsbA==",
          "dependencies": [
            "aws_cloudwatch_log_group.this",
            "module.ecs.aws_ecs_cluster.this",
            "module.vpc.aws_vpc.this"
          ]
        },
        {
          "index_key": "myapp",
          "schema_version": 0,
          "attributes": {
            "arn": "arn:aws:servicediscovery:ap-southeast-1:409489027555:namespace/ns-dt6l6tckvlkhfyba",
            "description": "service discovery namespace.clustername.local",
            "hosted_zone": "Z0285206B6EZK43ANO6K",
            "id": "ns-dt6l6tckvlkhfyba",
            "name": "myapp.ecs-blueprint-infra.local",
            "tags": {},
            "tags_all": {},
            "vpc": "vpc-08a252cde0bffb7bc"
          },
          "sensitive_attributes": [],
          "private": "bnVsbA==",
          "dependencies": [
            "aws_cloudwatch_log_group.this",
            "module.ecs.aws_ecs_cluster.this",
            "module.vpc.aws_vpc.this"
          ]
        }
      ]
    },
    {
      "mode": "managed",
      "type": "aws_service_discovery_service",
      "name": "sd_service",
      "provider": "provider[\"registry.terraform.io/hashicorp/aws\"]",
      "instances": [
        {
          "schema_version": 0,
          "attributes": {
            "arn": "arn:aws:servicediscovery:ap-southeast-1:409489027555:service/srv-wlqb6kltquevjrw6",
            "description": "",
            "dns_config": [
              {
                "dns_records": [
                  {
                    "ttl": 10,
                    "type": "A"
                  }
                ],
                "namespace_id": "ns-yvvpmxfep3xxbhvz",
                "routing_policy": "MULTIVALUE"
              }
            ],
            "force_destroy": false,
            "health_check_config": [],
            "health_check_custom_config": [
              {
                "failure_threshold": 1
              }
            ],
            "id": "srv-wlqb6kltquevjrw6",
            "name": "ecsdemo-frontend",
            "namespace_id": "ns-yvvpmxfep3xxbhvz",
            "tags": null,
            "tags_all": {}
          },
          "sensitive_attributes": [],
          "private": "bnVsbA==",
          "dependencies": [
            "data.aws_service_discovery_dns_namespace.sd_namespace"
          ]
        }
      ]
    },
    {
      "mode": "managed",
      "type": "aws_sns_topic",
      "name": "codestar_notification",
      "provider": "provider[\"registry.terraform.io/hashicorp/aws\"]",
      "instances": [
        {
          "schema_version": 0,
          "attributes": {
            "application_failure_feedback_role_arn": "",
            "application_success_feedback_role_arn": "",
            "application_success_feedback_sample_rate": 0,
            "arn": "arn:aws:sns:ap-southeast-1:409489027555:ecsdemo-frontend",
            "content_based_deduplication": false,
            "delivery_policy": "",
            "display_name": "",
            "fifo_topic": false,
            "firehose_failure_feedback_role_arn": "",
            "firehose_success_feedback_role_arn": "",
            "firehose_success_feedback_sample_rate": 0,
            "http_failure_feedback_role_arn": "",
            "http_success_feedback_role_arn": "",
            "http_success_feedback_sample_rate": 0,
            "id": "arn:aws:sns:ap-southeast-1:409489027555:ecsdemo-frontend",
            "kms_master_key_id": "",
            "lambda_failure_feedback_role_arn": "",
            "lambda_success_feedback_role_arn": "",
            "lambda_success_feedback_sample_rate": 0,
            "name": "ecsdemo-frontend",
            "name_prefix": "",
            "owner": "409489027555",
            "policy": "{\"Version\":\"2012-10-17\",\"Statement\":[{\"Sid\":\"WriteAccess\",\"Effect\":\"Allow\",\"Principal\":{\"Service\":\"codestar-notifications.amazonaws.com\"},\"Action\":\"sns:Publish\",\"Resource\":\"arn:aws:sns:ap-southeast-1:409489027555:ecs-blueprint-infra\"}]}",
            "sqs_failure_feedback_role_arn": "",
            "sqs_success_feedback_role_arn": "",
            "sqs_success_feedback_sample_rate": 0,
            "tags": {
              "Blueprint": "ecs-blueprint-infra",
              "GithubRepo": "github.com/smartbenson1/ecs-blueprint-demo"
            },
            "tags_all": {
              "Blueprint": "ecs-blueprint-infra",
              "GithubRepo": "github.com/smartbenson1/ecs-blueprint-demo"
            }
          },
          "sensitive_attributes": [],
          "private": "bnVsbA==",
          "dependencies": [
            "data.aws_caller_identity.current"
          ]
        }
      ]
    },
    {
      "mode": "managed",
      "type": "random_id",
      "name": "this",
      "provider": "provider[\"registry.terraform.io/hashicorp/random\"]",
      "instances": [
        {
          "schema_version": 0,
          "attributes": {
            "b64_std": "oP0=",
            "b64_url": "oP0",
            "byte_length": 2,
            "dec": "41213",
            "hex": "a0fd",
            "id": "oP0",
            "keepers": null,
            "prefix": null
          },
          "sensitive_attributes": []
        }
      ]
    },
    {
      "module": "module.codebuild_ci",
      "mode": "data",
      "type": "aws_iam_policy_document",
      "name": "assume_role_policy",
      "provider": "provider[\"registry.terraform.io/hashicorp/aws\"]",
      "instances": [
        {
          "index_key": 0,
          "schema_version": 0,
          "attributes": {
            "id": "206336933",
            "json": "{\n  \"Version\": \"2012-10-17\",\n  \"Statement\": [\n    {\n      \"Sid\": \"CodebuildAssumeRole\",\n      \"Effect\": \"Allow\",\n      \"Action\": \"sts:AssumeRole\",\n      \"Principal\": {\n        \"Service\": \"codebuild.amazonaws.com\"\n      }\n    }\n  ]\n}",
            "override_json": null,
            "override_policy_documents": null,
            "policy_id": null,
            "source_json": null,
            "source_policy_documents": null,
            "statement": [
              {
                "actions": [
                  "sts:AssumeRole"
                ],
                "condition": [],
                "effect": "Allow",
                "not_actions": [],
                "not_principals": [],
                "not_resources": [],
                "principals": [
                  {
                    "identifiers": [
                      "codebuild.amazonaws.com"
                    ],
                    "type": "Service"
                  }
                ],
                "resources": [],
                "sid": "CodebuildAssumeRole"
              }
            ],
            "version": "2012-10-17"
          },
          "sensitive_attributes": []
        }
      ]
    },
    {
      "module": "module.codebuild_ci",
      "mode": "data",
      "type": "aws_iam_policy_document",
      "name": "this",
      "provider": "provider[\"registry.terraform.io/hashicorp/aws\"]",
      "instances": [
        {
          "index_key": 0,
          "schema_version": 0,
          "attributes": {
            "id": "1750751858",
            "json": "{\n  \"Version\": \"2012-10-17\",\n  \"Statement\": [\n    {\n      \"Sid\": \"S3ReadWrite\",\n      \"Effect\": \"Allow\",\n      \"Action\": [\n        \"s3:PutObject\",\n        \"s3:List*\",\n        \"s3:GetObjectVersion\",\n        \"s3:GetObject\",\n        \"s3:GetBucketAcl\"\n      ],\n      \"Resource\": \"arn:aws:s3:::codepipeline-ap-southeast-1-a0fd/*\"\n    },\n    {\n      \"Sid\": \"ECRReadWrite\",\n      \"Effect\": \"Allow\",\n      \"Action\": [\n        \"ecr:UploadLayerPart\",\n        \"ecr:PutImage\",\n        \"ecr:InitiateLayerUpload\",\n        \"ecr:GetDownloadUrlForLayer\",\n        \"ecr:CompleteLayerUpload\",\n        \"ecr:BatchGetImage\",\n        \"ecr:BatchCheckLayerAvailability\"\n      ],\n      \"Resource\": \"arn:aws:ecr:ap-southeast-1:409489027555:repository/ecsdemo-frontend\"\n    },\n    {\n      \"Sid\": \"AllowECRAuthorization\",\n      \"Effect\": \"Allow\",\n      \"Action\": \"ecr:GetAuthorizationToken\",\n      \"Resource\": \"*\"\n    },\n    {\n      \"Sid\": \"ECSReadWriteTaskDefinition\",\n      \"Effect\": \"Allow\",\n      \"Action\": [\n        \"ecs:RegisterTaskDefinition\",\n        \"ecs:DescribeTaskDefinition\"\n      ],\n      \"Resource\": \"*\"\n    },\n    {\n      \"Sid\": \"AllowIAMPassRole\",\n      \"Effect\": \"Allow\",\n      \"Action\": \"iam:PassRole\",\n      \"Resource\": \"*\"\n    },\n    {\n      \"Sid\": \"AllowCloudWatchActions\",\n      \"Effect\": \"Allow\",\n      \"Action\": [\n        \"logs:PutLogEvents\",\n        \"logs:CreateLogStream\",\n        \"logs:CreateLogGroup\"\n      ],\n      \"Resource\": \"*\"\n    }\n  ]\n}",
            "override_json": null,
            "override_policy_documents": null,
            "policy_id": null,
            "source_json": null,
            "source_policy_documents": null,
            "statement": [
              {
                "actions": [
                  "s3:GetBucketAcl",
                  "s3:GetObject",
                  "s3:GetObjectVersion",
                  "s3:List*",
                  "s3:PutObject"
                ],
                "condition": [],
                "effect": "Allow",
                "not_actions": [],
                "not_principals": [],
                "not_resources": [],
                "principals": [],
                "resources": [
                  "arn:aws:s3:::codepipeline-ap-southeast-1-a0fd/*"
                ],
                "sid": "S3ReadWrite"
              },
              {
                "actions": [
                  "ecr:BatchCheckLayerAvailability",
                  "ecr:BatchGetImage",
                  "ecr:CompleteLayerUpload",
                  "ecr:GetDownloadUrlForLayer",
                  "ecr:InitiateLayerUpload",
                  "ecr:PutImage",
                  "ecr:UploadLayerPart"
                ],
                "condition": [],
                "effect": "Allow",
                "not_actions": [],
                "not_principals": [],
                "not_resources": [],
                "principals": [],
                "resources": [
                  "arn:aws:ecr:ap-southeast-1:409489027555:repository/ecsdemo-frontend"
                ],
                "sid": "ECRReadWrite"
              },
              {
                "actions": [
                  "ecr:GetAuthorizationToken"
                ],
                "condition": [],
                "effect": "Allow",
                "not_actions": [],
                "not_principals": [],
                "not_resources": [],
                "principals": [],
                "resources": [
                  "*"
                ],
                "sid": "AllowECRAuthorization"
              },
              {
                "actions": [
                  "ecs:DescribeTaskDefinition",
                  "ecs:RegisterTaskDefinition"
                ],
                "condition": [],
                "effect": "Allow",
                "not_actions": [],
                "not_principals": [],
                "not_resources": [],
                "principals": [],
                "resources": [
                  "*"
                ],
                "sid": "ECSReadWriteTaskDefinition"
              },
              {
                "actions": [
                  "iam:PassRole"
                ],
                "condition": [],
                "effect": "Allow",
                "not_actions": [],
                "not_principals": [],
                "not_resources": [],
                "principals": [],
                "resources": [
                  "*"
                ],
                "sid": "AllowIAMPassRole"
              },
              {
                "actions": [
                  "logs:CreateLogGroup",
                  "logs:CreateLogStream",
                  "logs:PutLogEvents"
                ],
                "condition": [],
                "effect": "Allow",
                "not_actions": [],
                "not_principals": [],
                "not_resources": [],
                "principals": [],
                "resources": [
                  "*"
                ],
                "sid": "AllowCloudWatchActions"
              }
            ],
            "version": "2012-10-17"
          },
          "sensitive_attributes": []
        }
      ]
    },
    {
      "module": "module.codebuild_ci",
      "mode": "data",
      "type": "aws_partition",
      "name": "current",
      "provider": "provider[\"registry.terraform.io/hashicorp/aws\"]",
      "instances": [
        {
          "schema_version": 0,
          "attributes": {
            "dns_suffix": "amazonaws.com",
            "id": "aws",
            "partition": "aws",
            "reverse_dns_prefix": "com.amazonaws"
          },
          "sensitive_attributes": []
        }
      ]
    },
    {
      "module": "module.codebuild_ci",
      "mode": "managed",
      "type": "aws_codebuild_project",
      "name": "this",
      "provider": "provider[\"registry.terraform.io/hashicorp/aws\"]",
      "instances": [
        {
          "schema_version": 0,
          "attributes": {
            "arn": "arn:aws:codebuild:ap-southeast-1:409489027555:project/codebuild-ecs-blueprint-infra",
            "artifacts": [
              {
                "artifact_identifier": "",
                "bucket_owner_access": "",
                "encryption_disabled": false,
                "location": "",
                "name": "codebuild-ecs-blueprint-infra",
                "namespace_type": "",
                "override_artifact_name": false,
                "packaging": "NONE",
                "path": "",
                "type": "CODEPIPELINE"
              }
            ],
            "badge_enabled": false,
            "badge_url": "",
            "build_batch_config": [],
            "build_timeout": 10,
            "cache": [
              {
                "location": "",
                "modes": [],
                "type": "NO_CACHE"
              }
            ],
            "concurrent_build_limit": 0,
            "description": "",
            "encryption_key": "arn:aws:kms:ap-southeast-1:409489027555:alias/aws/s3",
            "environment": [
              {
                "certificate": "",
                "compute_type": "BUILD_GENERAL1_SMALL",
                "environment_variable": [
                  {
                    "name": "REPO_URL",
                    "type": "PLAINTEXT",
                    "value": "409489027555.dkr.ecr.ap-southeast-1.amazonaws.com/ecsdemo-frontend"
                  },
                  {
                    "name": "TASK_DEFINITION_FAMILY",
                    "type": "PLAINTEXT",
                    "value": "ecs-blueprint-infra"
                  },
                  {
                    "name": "CONTAINER_NAME",
                    "type": "PLAINTEXT",
                    "value": "ecsdemo-frontend"
                  },
                  {
                    "name": "SERVICE_PORT",
                    "type": "PLAINTEXT",
                    "value": "3000"
                  },
                  {
                    "name": "FOLDER_PATH",
                    "type": "PLAINTEXT",
                    "value": "./application-code/ecsdemo-frontend/."
                  },
                  {
                    "name": "ECS_EXEC_ROLE_ARN",
                    "type": "PLAINTEXT",
                    "value": "arn:aws:iam::409489027555:role/ecs-blueprint-infra-execution"
                  },
                  {
                    "name": "BACKEND_SVC_ENDPOINT",
                    "type": "PLAINTEXT",
                    "value": "http://ecsdemo-nodejs.default.ecs-blueprint-infra.local:3000"
                  }
                ],
                "image": "aws/codebuild/standard:4.0",
                "image_pull_credentials_type": "CODEBUILD",
                "privileged_mode": true,
                "registry_credential": [],
                "type": "LINUX_CONTAINER"
              }
            ],
            "file_system_locations": [],
            "id": "arn:aws:codebuild:ap-southeast-1:409489027555:project/codebuild-ecs-blueprint-infra",
            "logs_config": [
              {
                "cloudwatch_logs": [
                  {
                    "group_name": "",
                    "status": "ENABLED",
                    "stream_name": ""
                  }
                ],
                "s3_logs": [
                  {
                    "bucket_owner_access": "",
                    "encryption_disabled": false,
                    "location": "",
                    "status": "DISABLED"
                  }
                ]
              }
            ],
            "name": "codebuild-ecs-blueprint-infra",
            "project_visibility": "PRIVATE",
            "public_project_alias": "",
            "queued_timeout": 480,
            "resource_access_role": "",
            "secondary_artifacts": [],
            "secondary_source_version": [],
            "secondary_sources": [],
            "service_role": "arn:aws:iam::409489027555:role/ecs-blueprint-infra-codebuild-a0fd",
            "source": [
              {
                "auth": [],
                "build_status_config": [],
                "buildspec": "./application-code/ecsdemo-frontend/templates/buildspec.yml",
                "git_clone_depth": 0,
                "git_submodules_config": [],
                "insecure_ssl": false,
                "location": "",
                "report_build_status": false,
                "type": "CODEPIPELINE"
              }
            ],
            "source_version": "",
            "tags": {
              "Blueprint": "ecs-blueprint-infra",
              "GithubRepo": "github.com/smartbenson1/ecs-blueprint-demo"
            },
            "tags_all": {
              "Blueprint": "ecs-blueprint-infra",
              "GithubRepo": "github.com/smartbenson1/ecs-blueprint-demo"
            },
            "vpc_config": []
          },
          "sensitive_attributes": [],
          "private": "bnVsbA==",
          "dependencies": [
            "aws_service_discovery_service.sd_service",
            "data.aws_ecs_cluster.core_infra",
            "data.aws_iam_role.ecs_core_infra_exec_role",
            "data.aws_service_discovery_dns_namespace.sd_namespace",
            "data.aws_subnets.private",
            "data.aws_vpc.vpc",
            "module.codebuild_ci.aws_iam_role.this",
            "module.codebuild_ci.data.aws_iam_policy_document.assume_role_policy",
            "module.container_image_ecr.aws_ecr_repository.this",
            "module.container_image_ecr.aws_ecrpublic_repository.this",
            "module.ecs_service_definition.aws_cloudwatch_log_group.this",
            "module.ecs_service_definition.aws_ecs_service.this",
            "module.ecs_service_definition.aws_ecs_task_definition.this",
            "module.ecs_service_definition.aws_iam_role.task",
            "module.ecs_service_definition.data.aws_iam_policy_document.task",
            "module.ecs_service_definition.data.aws_region.current",
            "module.service_alb.aws_lb_target_group.main",
            "module.service_task_security_group.aws_security_group.this",
            "module.service_task_security_group.aws_security_group.this_name_prefix",
            "random_id.this"
          ]
        }
      ]
    },
    {
      "module": "module.codebuild_ci",
      "mode": "managed",
      "type": "aws_iam_policy",
      "name": "this",
      "provider": "provider[\"registry.terraform.io/hashicorp/aws\"]",
      "instances": [
        {
          "index_key": 0,
          "schema_version": 0,
          "attributes": {
            "arn": "arn:aws:iam::409489027555:policy/ecs-blueprint-infra-codebuild-a0fd",
            "description": "IAM Policy for Role ecs-blueprint-infra-codebuild-a0fd",
            "id": "arn:aws:iam::409489027555:policy/ecs-blueprint-infra-codebuild-a0fd",
            "name": "ecs-blueprint-infra-codebuild-a0fd",
            "name_prefix": null,
            "path": "/",
            "policy": "{\"Statement\":[{\"Action\":[\"s3:PutObject\",\"s3:List*\",\"s3:GetObjectVersion\",\"s3:GetObject\",\"s3:GetBucketAcl\"],\"Effect\":\"Allow\",\"Resource\":\"arn:aws:s3:::codepipeline-ap-southeast-1-a0fd/*\",\"Sid\":\"S3ReadWrite\"},{\"Action\":[\"ecr:UploadLayerPart\",\"ecr:PutImage\",\"ecr:InitiateLayerUpload\",\"ecr:GetDownloadUrlForLayer\",\"ecr:CompleteLayerUpload\",\"ecr:BatchGetImage\",\"ecr:BatchCheckLayerAvailability\"],\"Effect\":\"Allow\",\"Resource\":\"arn:aws:ecr:ap-southeast-1:409489027555:repository/ecsdemo-frontend\",\"Sid\":\"ECRReadWrite\"},{\"Action\":\"ecr:GetAuthorizationToken\",\"Effect\":\"Allow\",\"Resource\":\"*\",\"Sid\":\"AllowECRAuthorization\"},{\"Action\":[\"ecs:RegisterTaskDefinition\",\"ecs:DescribeTaskDefinition\"],\"Effect\":\"Allow\",\"Resource\":\"*\",\"Sid\":\"ECSReadWriteTaskDefinition\"},{\"Action\":\"iam:PassRole\",\"Effect\":\"Allow\",\"Resource\":\"*\",\"Sid\":\"AllowIAMPassRole\"},{\"Action\":[\"logs:PutLogEvents\",\"logs:CreateLogStream\",\"logs:CreateLogGroup\"],\"Effect\":\"Allow\",\"Resource\":\"*\",\"Sid\":\"AllowCloudWatchActions\"}],\"Version\":\"2012-10-17\"}",
            "policy_id": "ANPAV6V3SWHR22P4EXCIQ",
            "tags": {
              "Blueprint": "ecs-blueprint-infra",
              "GithubRepo": "github.com/smartbenson1/ecs-blueprint-demo"
            },
            "tags_all": {
              "Blueprint": "ecs-blueprint-infra",
              "GithubRepo": "github.com/smartbenson1/ecs-blueprint-demo"
            }
          },
          "sensitive_attributes": [],
          "private": "bnVsbA==",
          "dependencies": [
            "aws_service_discovery_service.sd_service",
            "data.aws_ecs_cluster.core_infra",
            "data.aws_iam_role.ecs_core_infra_exec_role",
            "data.aws_service_discovery_dns_namespace.sd_namespace",
            "data.aws_subnets.private",
            "data.aws_vpc.vpc",
            "module.codebuild_ci.data.aws_iam_policy_document.this",
            "module.codepipeline_s3_bucket.aws_s3_bucket.this",
            "module.codepipeline_s3_bucket.aws_s3_bucket_accelerate_configuration.this",
            "module.codepipeline_s3_bucket.aws_s3_bucket_acl.this",
            "module.codepipeline_s3_bucket.aws_s3_bucket_cors_configuration.this",
            "module.codepipeline_s3_bucket.aws_s3_bucket_intelligent_tiering_configuration.this",
            "module.codepipeline_s3_bucket.aws_s3_bucket_lifecycle_configuration.this",
            "module.codepipeline_s3_bucket.aws_s3_bucket_logging.this",
            "module.codepipeline_s3_bucket.aws_s3_bucket_object_lock_configuration.this",
            "module.codepipeline_s3_bucket.aws_s3_bucket_ownership_controls.this",
            "module.codepipeline_s3_bucket.aws_s3_bucket_policy.this",
            "module.codepipeline_s3_bucket.aws_s3_bucket_public_access_block.this",
            "module.codepipeline_s3_bucket.aws_s3_bucket_replication_configuration.this",
            "module.codepipeline_s3_bucket.aws_s3_bucket_request_payment_configuration.this",
            "module.codepipeline_s3_bucket.aws_s3_bucket_server_side_encryption_configuration.this",
            "module.codepipeline_s3_bucket.aws_s3_bucket_versioning.this",
            "module.codepipeline_s3_bucket.aws_s3_bucket_website_configuration.this",
            "module.codepipeline_s3_bucket.data.aws_canonical_user_id.this",
            "module.codepipeline_s3_bucket.data.aws_elb_service_account.this",
            "module.codepipeline_s3_bucket.data.aws_iam_policy_document.combined",
            "module.codepipeline_s3_bucket.data.aws_iam_policy_document.deny_insecure_transport",
            "module.codepipeline_s3_bucket.data.aws_iam_policy_document.elb_log_delivery",
            "module.codepipeline_s3_bucket.data.aws_iam_policy_document.lb_log_delivery",
            "module.codepipeline_s3_bucket.data.aws_iam_policy_document.require_latest_tls",
            "module.container_image_ecr.aws_ecr_repository.this",
            "module.container_image_ecr.aws_ecrpublic_repository.this",
            "module.ecs_service_definition.aws_cloudwatch_log_group.this",
            "module.ecs_service_definition.aws_ecs_service.this",
            "module.ecs_service_definition.aws_ecs_task_definition.this",
            "module.ecs_service_definition.aws_iam_role.task",
            "module.ecs_service_definition.data.aws_iam_policy_document.task",
            "module.ecs_service_definition.data.aws_region.current",
            "module.service_alb.aws_lb_target_group.main",
            "module.service_task_security_group.aws_security_group.this",
            "module.service_task_security_group.aws_security_group.this_name_prefix",
            "random_id.this"
          ]
        }
      ]
    },
    {
      "module": "module.codebuild_ci",
      "mode": "managed",
      "type": "aws_iam_role",
      "name": "this",
      "provider": "provider[\"registry.terraform.io/hashicorp/aws\"]",
      "instances": [
        {
          "index_key": 0,
          "schema_version": 0,
          "attributes": {
            "arn": "arn:aws:iam::409489027555:role/ecs-blueprint-infra-codebuild-a0fd",
            "assume_role_policy": "{\"Statement\":[{\"Action\":\"sts:AssumeRole\",\"Effect\":\"Allow\",\"Principal\":{\"Service\":\"codebuild.amazonaws.com\"},\"Sid\":\"CodebuildAssumeRole\"}],\"Version\":\"2012-10-17\"}",
            "create_date": "2022-10-12T15:16:43Z",
            "description": "",
            "force_detach_policies": false,
            "id": "ecs-blueprint-infra-codebuild-a0fd",
            "inline_policy": [],
            "managed_policy_arns": [],
            "max_session_duration": 3600,
            "name": "ecs-blueprint-infra-codebuild-a0fd",
            "name_prefix": "",
            "path": "/",
            "permissions_boundary": null,
            "tags": {
              "Blueprint": "ecs-blueprint-infra",
              "GithubRepo": "github.com/smartbenson1/ecs-blueprint-demo"
            },
            "tags_all": {
              "Blueprint": "ecs-blueprint-infra",
              "GithubRepo": "github.com/smartbenson1/ecs-blueprint-demo"
            },
            "unique_id": "AROAV6V3SWHR43TIYY457"
          },
          "sensitive_attributes": [],
          "private": "bnVsbA==",
          "dependencies": [
            "aws_service_discovery_service.sd_service",
            "data.aws_ecs_cluster.core_infra",
            "data.aws_iam_role.ecs_core_infra_exec_role",
            "data.aws_service_discovery_dns_namespace.sd_namespace",
            "data.aws_subnets.private",
            "data.aws_vpc.vpc",
            "module.codebuild_ci.data.aws_iam_policy_document.assume_role_policy",
            "module.container_image_ecr.aws_ecr_repository.this",
            "module.container_image_ecr.aws_ecrpublic_repository.this",
            "module.ecs_service_definition.aws_cloudwatch_log_group.this",
            "module.ecs_service_definition.aws_ecs_service.this",
            "module.ecs_service_definition.aws_ecs_task_definition.this",
            "module.ecs_service_definition.aws_iam_role.task",
            "module.ecs_service_definition.data.aws_iam_policy_document.task",
            "module.ecs_service_definition.data.aws_region.current",
            "module.service_alb.aws_lb_target_group.main",
            "module.service_task_security_group.aws_security_group.this",
            "module.service_task_security_group.aws_security_group.this_name_prefix",
            "random_id.this"
          ]
        }
      ]
    },
    {
      "module": "module.codebuild_ci",
      "mode": "managed",
      "type": "aws_iam_role_policy_attachment",
      "name": "this",
      "provider": "provider[\"registry.terraform.io/hashicorp/aws\"]",
      "instances": [
        {
          "index_key": 0,
          "schema_version": 0,
          "attributes": {
            "id": "ecs-blueprint-infra-codebuild-a0fd-20221012151645429900000006",
            "policy_arn": "arn:aws:iam::409489027555:policy/ecs-blueprint-infra-codebuild-a0fd",
            "role": "ecs-blueprint-infra-codebuild-a0fd"
          },
          "sensitive_attributes": [],
          "private": "bnVsbA==",
          "dependencies": [
            "aws_service_discovery_service.sd_service",
            "data.aws_ecs_cluster.core_infra",
            "data.aws_iam_role.ecs_core_infra_exec_role",
            "data.aws_service_discovery_dns_namespace.sd_namespace",
            "data.aws_subnets.private",
            "data.aws_vpc.vpc",
            "module.codebuild_ci.aws_iam_policy.this",
            "module.codebuild_ci.aws_iam_role.this",
            "module.codebuild_ci.data.aws_iam_policy_document.assume_role_policy",
            "module.codebuild_ci.data.aws_iam_policy_document.this",
            "module.codepipeline_s3_bucket.aws_s3_bucket.this",
            "module.codepipeline_s3_bucket.aws_s3_bucket_accelerate_configuration.this",
            "module.codepipeline_s3_bucket.aws_s3_bucket_acl.this",
            "module.codepipeline_s3_bucket.aws_s3_bucket_cors_configuration.this",
            "module.codepipeline_s3_bucket.aws_s3_bucket_intelligent_tiering_configuration.this",
            "module.codepipeline_s3_bucket.aws_s3_bucket_lifecycle_configuration.this",
            "module.codepipeline_s3_bucket.aws_s3_bucket_logging.this",
            "module.codepipeline_s3_bucket.aws_s3_bucket_object_lock_configuration.this",
            "module.codepipeline_s3_bucket.aws_s3_bucket_ownership_controls.this",
            "module.codepipeline_s3_bucket.aws_s3_bucket_policy.this",
            "module.codepipeline_s3_bucket.aws_s3_bucket_public_access_block.this",
            "module.codepipeline_s3_bucket.aws_s3_bucket_replication_configuration.this",
            "module.codepipeline_s3_bucket.aws_s3_bucket_request_payment_configuration.this",
            "module.codepipeline_s3_bucket.aws_s3_bucket_server_side_encryption_configuration.this",
            "module.codepipeline_s3_bucket.aws_s3_bucket_versioning.this",
            "module.codepipeline_s3_bucket.aws_s3_bucket_website_configuration.this",
            "module.codepipeline_s3_bucket.data.aws_canonical_user_id.this",
            "module.codepipeline_s3_bucket.data.aws_elb_service_account.this",
            "module.codepipeline_s3_bucket.data.aws_iam_policy_document.combined",
            "module.codepipeline_s3_bucket.data.aws_iam_policy_document.deny_insecure_transport",
            "module.codepipeline_s3_bucket.data.aws_iam_policy_document.elb_log_delivery",
            "module.codepipeline_s3_bucket.data.aws_iam_policy_document.lb_log_delivery",
            "module.codepipeline_s3_bucket.data.aws_iam_policy_document.require_latest_tls",
            "module.container_image_ecr.aws_ecr_repository.this",
            "module.container_image_ecr.aws_ecrpublic_repository.this",
            "module.ecs_service_definition.aws_cloudwatch_log_group.this",
            "module.ecs_service_definition.aws_ecs_service.this",
            "module.ecs_service_definition.aws_ecs_task_definition.this",
            "module.ecs_service_definition.aws_iam_role.task",
            "module.ecs_service_definition.data.aws_iam_policy_document.task",
            "module.ecs_service_definition.data.aws_region.current",
            "module.service_alb.aws_lb_target_group.main",
            "module.service_task_security_group.aws_security_group.this",
            "module.service_task_security_group.aws_security_group.this_name_prefix",
            "random_id.this"
          ]
        }
      ]
    },
    {
      "module": "module.codepipeline_ci_cd",
      "mode": "data",
      "type": "aws_iam_policy_document",
      "name": "assume_role_policy",
      "provider": "provider[\"registry.terraform.io/hashicorp/aws\"]",
      "instances": [
        {
          "index_key": 0,
          "schema_version": 0,
          "attributes": {
            "id": "3774314836",
            "json": "{\n  \"Version\": \"2012-10-17\",\n  \"Statement\": [\n    {\n      \"Sid\": \"CodepipelineAssumeRole\",\n      \"Effect\": \"Allow\",\n      \"Action\": \"sts:AssumeRole\",\n      \"Principal\": {\n        \"Service\": \"codepipeline.amazonaws.com\"\n      }\n    }\n  ]\n}",
            "override_json": null,
            "override_policy_documents": null,
            "policy_id": null,
            "source_json": null,
            "source_policy_documents": null,
            "statement": [
              {
                "actions": [
                  "sts:AssumeRole"
                ],
                "condition": [],
                "effect": "Allow",
                "not_actions": [],
                "not_principals": [],
                "not_resources": [],
                "principals": [
                  {
                    "identifiers": [
                      "codepipeline.amazonaws.com"
                    ],
                    "type": "Service"
                  }
                ],
                "resources": [],
                "sid": "CodepipelineAssumeRole"
              }
            ],
            "version": "2012-10-17"
          },
          "sensitive_attributes": []
        }
      ]
    },
    {
      "module": "module.codepipeline_ci_cd",
      "mode": "data",
      "type": "aws_iam_policy_document",
      "name": "this",
      "provider": "provider[\"registry.terraform.io/hashicorp/aws\"]",
      "instances": [
        {
          "index_key": 0,
          "schema_version": 0,
          "attributes": {
            "id": "4249435080",
            "json": "{\n  \"Version\": \"2012-10-17\",\n  \"Statement\": [\n    {\n      \"Sid\": \"AllowS3Actions\",\n      \"Effect\": \"Allow\",\n      \"Action\": [\n        \"s3:PutObject\",\n        \"s3:List*\",\n        \"s3:GetObjectVersion\",\n        \"s3:GetObject\",\n        \"s3:GetBucketAcl\"\n      ],\n      \"Resource\": \"arn:aws:s3:::codepipeline-ap-southeast-1-a0fd/*\"\n    },\n    {\n      \"Sid\": \"AllowCodebuildActions\",\n      \"Effect\": \"Allow\",\n      \"Action\": [\n        \"codebuild:StopBuild\",\n        \"codebuild:StartBuildBatch\",\n        \"codebuild:StartBuild\",\n        \"codebuild:BatchGetBuilds\",\n        \"codebuild:BatchGetBuildBatches\"\n      ],\n      \"Resource\": \"*\"\n    },\n    {\n      \"Sid\": \"AllowCodebuildList\",\n      \"Effect\": \"Allow\",\n      \"Action\": \"codebuild:ListBuilds\",\n      \"Resource\": \"*\"\n    },\n    {\n      \"Sid\": \"AllowCodeDeployActions\",\n      \"Effect\": \"Allow\",\n      \"Action\": [\n        \"codedeploy:RegisterApplicationRevision\",\n        \"codedeploy:GetDeploymentGroup\",\n        \"codedeploy:GetDeployment\",\n        \"codedeploy:GetApplicationRevision\",\n        \"codedeploy:GetApplication\",\n        \"codedeploy:CreateDeployment\"\n      ],\n      \"Resource\": \"*\"\n    },\n    {\n      \"Sid\": \"AllowCodeDeployConfigs\",\n      \"Effect\": \"Allow\",\n      \"Action\": [\n        \"codedeploy:StopDeployment\",\n        \"codedeploy:Listdeployments\",\n        \"codedeploy:ListDeploymentGroups\",\n        \"codedeploy:ListDeploymentConfigs\",\n        \"codedeploy:ListApplications\",\n        \"codedeploy:GetDeploymentTarget\",\n        \"codedeploy:GetDeploymentConfig\",\n        \"codedeploy:CreateDeploymentGroup\",\n        \"codedeploy:CreateDeploymentConfig\"\n      ],\n      \"Resource\": \"*\"\n    },\n    {\n      \"Sid\": \"AllowCECSServiceActions\",\n      \"Effect\": \"Allow\",\n      \"Action\": [\n        \"ecs:UpdateTaskSet\",\n        \"ecs:UpdateServicePrimaryTaskSet\",\n        \"ecs:UpdateService\",\n        \"ecs:UpdateCluster\",\n        \"ecs:UpdateCapacityProvider\",\n        \"ecs:StopTask\",\n        \"ecs:StartTask\",\n        \"ecs:RunTask\",\n        \"ecs:RegisterTaskDefinition\",\n        \"ecs:PutClusterCapacityProviders\",\n        \"ecs:ListTasks\",\n        \"ecs:ListServices\",\n        \"ecs:DescribeTasks\",\n        \"ecs:DescribeTaskSets\",\n        \"ecs:DescribeTaskDefinition\",\n        \"ecs:DescribeServices\",\n        \"ecs:DeregisterContainerInstance\",\n        \"ecs:DeleteTaskSet\",\n        \"ecs:CreateTaskSet\"\n      ],\n      \"Resource\": \"*\"\n    },\n    {\n      \"Sid\": \"AllowIAMPassRole\",\n      \"Effect\": \"Allow\",\n      \"Action\": \"iam:PassRole\",\n      \"Resource\": \"*\"\n    },\n    {\n      \"Sid\": \"AllowCloudWatchActions\",\n      \"Effect\": \"Allow\",\n      \"Action\": [\n        \"logs:PutLogEvents\",\n        \"logs:CreateLogStream\",\n        \"logs:CreateLogGroup\"\n      ],\n      \"Resource\": \"*\"\n    }\n  ]\n}",
            "override_json": null,
            "override_policy_documents": null,
            "policy_id": null,
            "source_json": null,
            "source_policy_documents": null,
            "statement": [
              {
                "actions": [
                  "s3:GetBucketAcl",
                  "s3:GetObject",
                  "s3:GetObjectVersion",
                  "s3:List*",
                  "s3:PutObject"
                ],
                "condition": [],
                "effect": "Allow",
                "not_actions": [],
                "not_principals": [],
                "not_resources": [],
                "principals": [],
                "resources": [
                  "arn:aws:s3:::codepipeline-ap-southeast-1-a0fd/*"
                ],
                "sid": "AllowS3Actions"
              },
              {
                "actions": [
                  "codebuild:BatchGetBuildBatches",
                  "codebuild:BatchGetBuilds",
                  "codebuild:StartBuild",
                  "codebuild:StartBuildBatch",
                  "codebuild:StopBuild"
                ],
                "condition": [],
                "effect": "Allow",
                "not_actions": [],
                "not_principals": [],
                "not_resources": [],
                "principals": [],
                "resources": [
                  "*"
                ],
                "sid": "AllowCodebuildActions"
              },
              {
                "actions": [
                  "codebuild:ListBuilds"
                ],
                "condition": [],
                "effect": "Allow",
                "not_actions": [],
                "not_principals": [],
                "not_resources": [],
                "principals": [],
                "resources": [
                  "*"
                ],
                "sid": "AllowCodebuildList"
              },
              {
                "actions": [
                  "codedeploy:CreateDeployment",
                  "codedeploy:GetApplication",
                  "codedeploy:GetApplicationRevision",
                  "codedeploy:GetDeployment",
                  "codedeploy:GetDeploymentGroup",
                  "codedeploy:RegisterApplicationRevision"
                ],
                "condition": [],
                "effect": "Allow",
                "not_actions": [],
                "not_principals": [],
                "not_resources": [],
                "principals": [],
                "resources": [
                  "*"
                ],
                "sid": "AllowCodeDeployActions"
              },
              {
                "actions": [
                  "codedeploy:CreateDeploymentConfig",
                  "codedeploy:CreateDeploymentGroup",
                  "codedeploy:GetDeploymentConfig",
                  "codedeploy:GetDeploymentTarget",
                  "codedeploy:ListApplications",
                  "codedeploy:ListDeploymentConfigs",
                  "codedeploy:ListDeploymentGroups",
                  "codedeploy:Listdeployments",
                  "codedeploy:StopDeployment"
                ],
                "condition": [],
                "effect": "Allow",
                "not_actions": [],
                "not_principals": [],
                "not_resources": [],
                "principals": [],
                "resources": [
                  "*"
                ],
                "sid": "AllowCodeDeployConfigs"
              },
              {
                "actions": [
                  "ecs:CreateTaskSet",
                  "ecs:DeleteTaskSet",
                  "ecs:DeregisterContainerInstance",
                  "ecs:DescribeServices",
                  "ecs:DescribeTaskDefinition",
                  "ecs:DescribeTaskSets",
                  "ecs:DescribeTasks",
                  "ecs:ListServices",
                  "ecs:ListTasks",
                  "ecs:PutClusterCapacityProviders",
                  "ecs:RegisterTaskDefinition",
                  "ecs:RunTask",
                  "ecs:StartTask",
                  "ecs:StopTask",
                  "ecs:UpdateCapacityProvider",
                  "ecs:UpdateCluster",
                  "ecs:UpdateService",
                  "ecs:UpdateServicePrimaryTaskSet",
                  "ecs:UpdateTaskSet"
                ],
                "condition": [],
                "effect": "Allow",
                "not_actions": [],
                "not_principals": [],
                "not_resources": [],
                "principals": [],
                "resources": [
                  "*"
                ],
                "sid": "AllowCECSServiceActions"
              },
              {
                "actions": [
                  "iam:PassRole"
                ],
                "condition": [],
                "effect": "Allow",
                "not_actions": [],
                "not_principals": [],
                "not_resources": [],
                "principals": [],
                "resources": [
                  "*"
                ],
                "sid": "AllowIAMPassRole"
              },
              {
                "actions": [
                  "logs:CreateLogGroup",
                  "logs:CreateLogStream",
                  "logs:PutLogEvents"
                ],
                "condition": [],
                "effect": "Allow",
                "not_actions": [],
                "not_principals": [],
                "not_resources": [],
                "principals": [],
                "resources": [
                  "*"
                ],
                "sid": "AllowCloudWatchActions"
              }
            ],
            "version": "2012-10-17"
          },
          "sensitive_attributes": []
        }
      ]
    },
    {
      "module": "module.codepipeline_ci_cd",
      "mode": "data",
      "type": "aws_partition",
      "name": "current",
      "provider": "provider[\"registry.terraform.io/hashicorp/aws\"]",
      "instances": [
        {
          "schema_version": 0,
          "attributes": {
            "dns_suffix": "amazonaws.com",
            "id": "aws",
            "partition": "aws",
            "reverse_dns_prefix": "com.amazonaws"
          },
          "sensitive_attributes": []
        }
      ]
    },
    {
      "module": "module.codepipeline_ci_cd",
      "mode": "managed",
      "type": "aws_codepipeline",
      "name": "this",
      "provider": "provider[\"registry.terraform.io/hashicorp/aws\"]",
      "instances": [
        {
          "schema_version": 0,
          "attributes": {
            "arn": "arn:aws:codepipeline:ap-southeast-1:409489027555:pipeline-ecs-blueprint-infra",
            "artifact_store": [
              {
                "encryption_key": [],
                "location": "codepipeline-ap-southeast-1-a0fd",
                "region": "",
                "type": "S3"
              }
            ],
            "id": "pipeline-ecs-blueprint-infra",
            "name": "pipeline-ecs-blueprint-infra",
            "role_arn": "arn:aws:iam::409489027555:role/ecs-blueprint-infra-pipeline-a0fd",
            "stage": [
              {
                "action": [
                  {
                    "category": "Source",
                    "configuration": {
                      "Branch": "main",
                      "OAuthToken": "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",
                      "Owner": "smartbenson1",
                      "PollForSourceChanges": "true",
                      "Repo": "terraform-aws-ecs-blueprints"
                    },
                    "input_artifacts": [],
                    "name": "Source",
                    "namespace": "",
                    "output_artifacts": [
                      "SourceArtifact"
                    ],
                    "owner": "ThirdParty",
                    "provider": "GitHub",
                    "region": "",
                    "role_arn": "",
                    "run_order": 1,
                    "version": "1"
                  }
                ],
                "name": "Source"
              },
              {
                "action": [
                  {
                    "category": "Build",
                    "configuration": {
                      "ProjectName": "arn:aws:codebuild:ap-southeast-1:409489027555:project/codebuild-ecs-blueprint-infra"
                    },
                    "input_artifacts": [
                      "SourceArtifact"
                    ],
                    "name": "Build_app",
                    "namespace": "",
                    "output_artifacts": [
                      "BuildArtifact_app"
                    ],
                    "owner": "AWS",
                    "provider": "CodeBuild",
                    "region": "",
                    "role_arn": "",
                    "run_order": 1,
                    "version": "1"
                  }
                ],
                "name": "Build"
              },
              {
                "action": [
                  {
                    "category": "Deploy",
                    "configuration": {
                      "ClusterName": "ecs-blueprint-infra",
                      "FileName": "imagedefinition.json",
                      "ServiceName": "ecs-blueprint-infra"
                    },
                    "input_artifacts": [
                      "BuildArtifact_app"
                    ],
                    "name": "Deploy_app",
                    "namespace": "",
                    "output_artifacts": [],
                    "owner": "AWS",
                    "provider": "ECS",
                    "region": "",
                    "role_arn": "",
                    "run_order": 1,
                    "version": "1"
                  }
                ],
                "name": "Deploy"
              }
            ],
            "tags": {
              "Blueprint": "ecs-blueprint-infra",
              "GithubRepo": "github.com/smartbenson1/ecs-blueprint-demo"
            },
            "tags_all": {
              "Blueprint": "ecs-blueprint-infra",
              "GithubRepo": "github.com/smartbenson1/ecs-blueprint-demo"
            }
          },
          "sensitive_attributes": [
            [
              {
                "type": "get_attr",
                "value": "stage"
              },
              {
                "type": "index",
                "value": {
                  "value": 0,
                  "type": "number"
                }
              },
              {
                "type": "get_attr",
                "value": "action"
              },
              {
                "type": "index",
                "value": {
                  "value": 0,
                  "type": "number"
                }
              },
              {
                "type": "get_attr",
                "value": "configuration"
              },
              {
                "type": "index",
                "value": {
                  "value": "OAuthToken",
                  "type": "string"
                }
              }
            ]
          ],
          "private": "bnVsbA==",
          "dependencies": [
            "aws_service_discovery_service.sd_service",
            "data.aws_ecs_cluster.core_infra",
            "data.aws_iam_role.ecs_core_infra_exec_role",
            "data.aws_secretsmanager_secret_version.github_token",
            "data.aws_service_discovery_dns_namespace.sd_namespace",
            "data.aws_subnets.private",
            "data.aws_vpc.vpc",
            "module.codebuild_ci.aws_codebuild_project.this",
            "module.codebuild_ci.aws_iam_role.this",
            "module.codebuild_ci.data.aws_iam_policy_document.assume_role_policy",
            "module.codepipeline_ci_cd.aws_iam_role.this",
            "module.codepipeline_ci_cd.data.aws_iam_policy_document.assume_role_policy",
            "module.codepipeline_s3_bucket.aws_s3_bucket.this",
            "module.codepipeline_s3_bucket.aws_s3_bucket_accelerate_configuration.this",
            "module.codepipeline_s3_bucket.aws_s3_bucket_acl.this",
            "module.codepipeline_s3_bucket.aws_s3_bucket_cors_configuration.this",
            "module.codepipeline_s3_bucket.aws_s3_bucket_intelligent_tiering_configuration.this",
            "module.codepipeline_s3_bucket.aws_s3_bucket_lifecycle_configuration.this",
            "module.codepipeline_s3_bucket.aws_s3_bucket_logging.this",
            "module.codepipeline_s3_bucket.aws_s3_bucket_object_lock_configuration.this",
            "module.codepipeline_s3_bucket.aws_s3_bucket_ownership_controls.this",
            "module.codepipeline_s3_bucket.aws_s3_bucket_policy.this",
            "module.codepipeline_s3_bucket.aws_s3_bucket_public_access_block.this",
            "module.codepipeline_s3_bucket.aws_s3_bucket_replication_configuration.this",
            "module.codepipeline_s3_bucket.aws_s3_bucket_request_payment_configuration.this",
            "module.codepipeline_s3_bucket.aws_s3_bucket_server_side_encryption_configuration.this",
            "module.codepipeline_s3_bucket.aws_s3_bucket_versioning.this",
            "module.codepipeline_s3_bucket.aws_s3_bucket_website_configuration.this",
            "module.codepipeline_s3_bucket.data.aws_canonical_user_id.this",
            "module.codepipeline_s3_bucket.data.aws_elb_service_account.this",
            "module.codepipeline_s3_bucket.data.aws_iam_policy_document.combined",
            "module.codepipeline_s3_bucket.data.aws_iam_policy_document.deny_insecure_transport",
            "module.codepipeline_s3_bucket.data.aws_iam_policy_document.elb_log_delivery",
            "module.codepipeline_s3_bucket.data.aws_iam_policy_document.lb_log_delivery",
            "module.codepipeline_s3_bucket.data.aws_iam_policy_document.require_latest_tls",
            "module.container_image_ecr.aws_ecr_repository.this",
            "module.container_image_ecr.aws_ecrpublic_repository.this",
            "module.ecs_service_definition.aws_cloudwatch_log_group.this",
            "module.ecs_service_definition.aws_ecs_service.this",
            "module.ecs_service_definition.aws_ecs_task_definition.this",
            "module.ecs_service_definition.aws_iam_role.task",
            "module.ecs_service_definition.data.aws_iam_policy_document.task",
            "module.ecs_service_definition.data.aws_region.current",
            "module.service_alb.aws_lb_target_group.main",
            "module.service_task_security_group.aws_security_group.this",
            "module.service_task_security_group.aws_security_group.this_name_prefix",
            "random_id.this"
          ]
        }
      ]
    },
    {
      "module": "module.codepipeline_ci_cd",
      "mode": "managed",
      "type": "aws_codestarnotifications_notification_rule",
      "name": "this",
      "provider": "provider[\"registry.terraform.io/hashicorp/aws\"]",
      "instances": [
        {
          "schema_version": 0,
          "attributes": {
            "arn": "arn:aws:codestar-notifications:ap-southeast-1:409489027555:notificationrule/cae06932361076fc0d39210114077b3954b20a11",
            "detail_type": "FULL",
            "event_type_ids": [
              "codepipeline-pipeline-action-execution-failed",
              "codepipeline-pipeline-action-execution-succeeded"
            ],
            "id": "arn:aws:codestar-notifications:ap-southeast-1:409489027555:notificationrule/cae06932361076fc0d39210114077b3954b20a11",
            "name": "pipeline-ecs-blueprint-infra_pipeline_execution_status",
            "resource": "arn:aws:codepipeline:ap-southeast-1:409489027555:pipeline-ecs-blueprint-infra",
            "status": "ENABLED",
            "tags": {
              "Blueprint": "ecs-blueprint-infra",
              "GithubRepo": "github.com/smartbenson1/ecs-blueprint-demo"
            },
            "tags_all": {
              "Blueprint": "ecs-blueprint-infra",
              "GithubRepo": "github.com/smartbenson1/ecs-blueprint-demo"
            },
            "target": [
              {
                "address": "arn:aws:sns:ap-southeast-1:409489027555:ecsdemo-frontend",
                "status": "ACTIVE",
                "type": "SNS"
              }
            ]
          },
          "sensitive_attributes": [],
          "private": "bnVsbA==",
          "dependencies": [
            "aws_service_discovery_service.sd_service",
            "aws_sns_topic.codestar_notification",
            "data.aws_caller_identity.current",
            "data.aws_ecs_cluster.core_infra",
            "data.aws_iam_role.ecs_core_infra_exec_role",
            "data.aws_secretsmanager_secret_version.github_token",
            "data.aws_service_discovery_dns_namespace.sd_namespace",
            "data.aws_subnets.private",
            "data.aws_vpc.vpc",
            "module.codebuild_ci.aws_codebuild_project.this",
            "module.codebuild_ci.aws_iam_role.this",
            "module.codebuild_ci.data.aws_iam_policy_document.assume_role_policy",
            "module.codepipeline_ci_cd.aws_codepipeline.this",
            "module.codepipeline_ci_cd.aws_iam_role.this",
            "module.codepipeline_ci_cd.data.aws_iam_policy_document.assume_role_policy",
            "module.codepipeline_s3_bucket.aws_s3_bucket.this",
            "module.codepipeline_s3_bucket.aws_s3_bucket_accelerate_configuration.this",
            "module.codepipeline_s3_bucket.aws_s3_bucket_acl.this",
            "module.codepipeline_s3_bucket.aws_s3_bucket_cors_configuration.this",
            "module.codepipeline_s3_bucket.aws_s3_bucket_intelligent_tiering_configuration.this",
            "module.codepipeline_s3_bucket.aws_s3_bucket_lifecycle_configuration.this",
            "module.codepipeline_s3_bucket.aws_s3_bucket_logging.this",
            "module.codepipeline_s3_bucket.aws_s3_bucket_object_lock_configuration.this",
            "module.codepipeline_s3_bucket.aws_s3_bucket_ownership_controls.this",
            "module.codepipeline_s3_bucket.aws_s3_bucket_policy.this",
            "module.codepipeline_s3_bucket.aws_s3_bucket_public_access_block.this",
            "module.codepipeline_s3_bucket.aws_s3_bucket_replication_configuration.this",
            "module.codepipeline_s3_bucket.aws_s3_bucket_request_payment_configuration.this",
            "module.codepipeline_s3_bucket.aws_s3_bucket_server_side_encryption_configuration.this",
            "module.codepipeline_s3_bucket.aws_s3_bucket_versioning.this",
            "module.codepipeline_s3_bucket.aws_s3_bucket_website_configuration.this",
            "module.codepipeline_s3_bucket.data.aws_canonical_user_id.this",
            "module.codepipeline_s3_bucket.data.aws_elb_service_account.this",
            "module.codepipeline_s3_bucket.data.aws_iam_policy_document.combined",
            "module.codepipeline_s3_bucket.data.aws_iam_policy_document.deny_insecure_transport",
            "module.codepipeline_s3_bucket.data.aws_iam_policy_document.elb_log_delivery",
            "module.codepipeline_s3_bucket.data.aws_iam_policy_document.lb_log_delivery",
            "module.codepipeline_s3_bucket.data.aws_iam_policy_document.require_latest_tls",
            "module.container_image_ecr.aws_ecr_repository.this",
            "module.container_image_ecr.aws_ecrpublic_repository.this",
            "module.ecs_service_definition.aws_cloudwatch_log_group.this",
            "module.ecs_service_definition.aws_ecs_service.this",
            "module.ecs_service_definition.aws_ecs_task_definition.this",
            "module.ecs_service_definition.aws_iam_role.task",
            "module.ecs_service_definition.data.aws_iam_policy_document.task",
            "module.ecs_service_definition.data.aws_region.current",
            "module.service_alb.aws_lb_target_group.main",
            "module.service_task_security_group.aws_security_group.this",
            "module.service_task_security_group.aws_security_group.this_name_prefix",
            "random_id.this"
          ]
        }
      ]
    },
    {
      "module": "module.codepipeline_ci_cd",
      "mode": "managed",
      "type": "aws_iam_policy",
      "name": "this",
      "provider": "provider[\"registry.terraform.io/hashicorp/aws\"]",
      "instances": [
        {
          "index_key": 0,
          "schema_version": 0,
          "attributes": {
            "arn": "arn:aws:iam::409489027555:policy/ecs-blueprint-infra-pipeline-a0fd",
            "description": "IAM Policy for Role ecs-blueprint-infra-pipeline-a0fd",
            "id": "arn:aws:iam::409489027555:policy/ecs-blueprint-infra-pipeline-a0fd",
            "name": "ecs-blueprint-infra-pipeline-a0fd",
            "name_prefix": null,
            "path": "/",
            "policy": "{\"Statement\":[{\"Action\":[\"s3:PutObject\",\"s3:List*\",\"s3:GetObjectVersion\",\"s3:GetObject\",\"s3:GetBucketAcl\"],\"Effect\":\"Allow\",\"Resource\":\"arn:aws:s3:::codepipeline-ap-southeast-1-a0fd/*\",\"Sid\":\"AllowS3Actions\"},{\"Action\":[\"codebuild:StopBuild\",\"codebuild:StartBuildBatch\",\"codebuild:StartBuild\",\"codebuild:BatchGetBuilds\",\"codebuild:BatchGetBuildBatches\"],\"Effect\":\"Allow\",\"Resource\":\"*\",\"Sid\":\"AllowCodebuildActions\"},{\"Action\":\"codebuild:ListBuilds\",\"Effect\":\"Allow\",\"Resource\":\"*\",\"Sid\":\"AllowCodebuildList\"},{\"Action\":[\"codedeploy:RegisterApplicationRevision\",\"codedeploy:GetDeploymentGroup\",\"codedeploy:GetDeployment\",\"codedeploy:GetApplicationRevision\",\"codedeploy:GetApplication\",\"codedeploy:CreateDeployment\"],\"Effect\":\"Allow\",\"Resource\":\"*\",\"Sid\":\"AllowCodeDeployActions\"},{\"Action\":[\"codedeploy:StopDeployment\",\"codedeploy:Listdeployments\",\"codedeploy:ListDeploymentGroups\",\"codedeploy:ListDeploymentConfigs\",\"codedeploy:ListApplications\",\"codedeploy:GetDeploymentTarget\",\"codedeploy:GetDeploymentConfig\",\"codedeploy:CreateDeploymentGroup\",\"codedeploy:CreateDeploymentConfig\"],\"Effect\":\"Allow\",\"Resource\":\"*\",\"Sid\":\"AllowCodeDeployConfigs\"},{\"Action\":[\"ecs:UpdateTaskSet\",\"ecs:UpdateServicePrimaryTaskSet\",\"ecs:UpdateService\",\"ecs:UpdateCluster\",\"ecs:UpdateCapacityProvider\",\"ecs:StopTask\",\"ecs:StartTask\",\"ecs:RunTask\",\"ecs:RegisterTaskDefinition\",\"ecs:PutClusterCapacityProviders\",\"ecs:ListTasks\",\"ecs:ListServices\",\"ecs:DescribeTasks\",\"ecs:DescribeTaskSets\",\"ecs:DescribeTaskDefinition\",\"ecs:DescribeServices\",\"ecs:DeregisterContainerInstance\",\"ecs:DeleteTaskSet\",\"ecs:CreateTaskSet\"],\"Effect\":\"Allow\",\"Resource\":\"*\",\"Sid\":\"AllowCECSServiceActions\"},{\"Action\":\"iam:PassRole\",\"Effect\":\"Allow\",\"Resource\":\"*\",\"Sid\":\"AllowIAMPassRole\"},{\"Action\":[\"logs:PutLogEvents\",\"logs:CreateLogStream\",\"logs:CreateLogGroup\"],\"Effect\":\"Allow\",\"Resource\":\"*\",\"Sid\":\"AllowCloudWatchActions\"}],\"Version\":\"2012-10-17\"}",
            "policy_id": "ANPAV6V3SWHRUKWNWL2TJ",
            "tags": {
              "Blueprint": "ecs-blueprint-infra",
              "GithubRepo": "github.com/smartbenson1/ecs-blueprint-demo"
            },
            "tags_all": {
              "Blueprint": "ecs-blueprint-infra",
              "GithubRepo": "github.com/smartbenson1/ecs-blueprint-demo"
            }
          },
          "sensitive_attributes": [],
          "private": "bnVsbA==",
          "dependencies": [
            "aws_service_discovery_service.sd_service",
            "data.aws_ecs_cluster.core_infra",
            "data.aws_iam_role.ecs_core_infra_exec_role",
            "data.aws_service_discovery_dns_namespace.sd_namespace",
            "data.aws_subnets.private",
            "data.aws_vpc.vpc",
            "module.codepipeline_ci_cd.data.aws_iam_policy_document.this",
            "module.codepipeline_s3_bucket.aws_s3_bucket.this",
            "module.codepipeline_s3_bucket.aws_s3_bucket_accelerate_configuration.this",
            "module.codepipeline_s3_bucket.aws_s3_bucket_acl.this",
            "module.codepipeline_s3_bucket.aws_s3_bucket_cors_configuration.this",
            "module.codepipeline_s3_bucket.aws_s3_bucket_intelligent_tiering_configuration.this",
            "module.codepipeline_s3_bucket.aws_s3_bucket_lifecycle_configuration.this",
            "module.codepipeline_s3_bucket.aws_s3_bucket_logging.this",
            "module.codepipeline_s3_bucket.aws_s3_bucket_object_lock_configuration.this",
            "module.codepipeline_s3_bucket.aws_s3_bucket_ownership_controls.this",
            "module.codepipeline_s3_bucket.aws_s3_bucket_policy.this",
            "module.codepipeline_s3_bucket.aws_s3_bucket_public_access_block.this",
            "module.codepipeline_s3_bucket.aws_s3_bucket_replication_configuration.this",
            "module.codepipeline_s3_bucket.aws_s3_bucket_request_payment_configuration.this",
            "module.codepipeline_s3_bucket.aws_s3_bucket_server_side_encryption_configuration.this",
            "module.codepipeline_s3_bucket.aws_s3_bucket_versioning.this",
            "module.codepipeline_s3_bucket.aws_s3_bucket_website_configuration.this",
            "module.codepipeline_s3_bucket.data.aws_canonical_user_id.this",
            "module.codepipeline_s3_bucket.data.aws_elb_service_account.this",
            "module.codepipeline_s3_bucket.data.aws_iam_policy_document.combined",
            "module.codepipeline_s3_bucket.data.aws_iam_policy_document.deny_insecure_transport",
            "module.codepipeline_s3_bucket.data.aws_iam_policy_document.elb_log_delivery",
            "module.codepipeline_s3_bucket.data.aws_iam_policy_document.lb_log_delivery",
            "module.codepipeline_s3_bucket.data.aws_iam_policy_document.require_latest_tls",
            "module.container_image_ecr.aws_ecr_repository.this",
            "module.container_image_ecr.aws_ecrpublic_repository.this",
            "module.ecs_service_definition.aws_cloudwatch_log_group.this",
            "module.ecs_service_definition.aws_ecs_service.this",
            "module.ecs_service_definition.aws_ecs_task_definition.this",
            "module.ecs_service_definition.aws_iam_role.task",
            "module.ecs_service_definition.data.aws_iam_policy_document.task",
            "module.ecs_service_definition.data.aws_region.current",
            "module.service_alb.aws_lb_target_group.main",
            "module.service_task_security_group.aws_security_group.this",
            "module.service_task_security_group.aws_security_group.this_name_prefix",
            "random_id.this"
          ]
        }
      ]
    },
    {
      "module": "module.codepipeline_ci_cd",
      "mode": "managed",
      "type": "aws_iam_role",
      "name": "this",
      "provider": "provider[\"registry.terraform.io/hashicorp/aws\"]",
      "instances": [
        {
          "index_key": 0,
          "schema_version": 0,
          "attributes": {
            "arn": "arn:aws:iam::409489027555:role/ecs-blueprint-infra-pipeline-a0fd",
            "assume_role_policy": "{\"Statement\":[{\"Action\":\"sts:AssumeRole\",\"Effect\":\"Allow\",\"Principal\":{\"Service\":\"codepipeline.amazonaws.com\"},\"Sid\":\"CodepipelineAssumeRole\"}],\"Version\":\"2012-10-17\"}",
            "create_date": "2022-10-12T15:16:43Z",
            "description": "",
            "force_detach_policies": false,
            "id": "ecs-blueprint-infra-pipeline-a0fd",
            "inline_policy": [],
            "managed_policy_arns": [],
            "max_session_duration": 3600,
            "name": "ecs-blueprint-infra-pipeline-a0fd",
            "name_prefix": "",
            "path": "/",
            "permissions_boundary": null,
            "tags": {
              "Blueprint": "ecs-blueprint-infra",
              "GithubRepo": "github.com/smartbenson1/ecs-blueprint-demo"
            },
            "tags_all": {
              "Blueprint": "ecs-blueprint-infra",
              "GithubRepo": "github.com/smartbenson1/ecs-blueprint-demo"
            },
            "unique_id": "AROAV6V3SWHR232NZX3M3"
          },
          "sensitive_attributes": [],
          "private": "bnVsbA==",
          "dependencies": [
            "aws_service_discovery_service.sd_service",
            "data.aws_ecs_cluster.core_infra",
            "data.aws_iam_role.ecs_core_infra_exec_role",
            "data.aws_service_discovery_dns_namespace.sd_namespace",
            "data.aws_subnets.private",
            "data.aws_vpc.vpc",
            "module.codepipeline_ci_cd.data.aws_iam_policy_document.assume_role_policy",
            "module.container_image_ecr.aws_ecr_repository.this",
            "module.container_image_ecr.aws_ecrpublic_repository.this",
            "module.ecs_service_definition.aws_cloudwatch_log_group.this",
            "module.ecs_service_definition.aws_ecs_service.this",
            "module.ecs_service_definition.aws_ecs_task_definition.this",
            "module.ecs_service_definition.aws_iam_role.task",
            "module.ecs_service_definition.data.aws_iam_policy_document.task",
            "module.ecs_service_definition.data.aws_region.current",
            "module.service_alb.aws_lb_target_group.main",
            "module.service_task_security_group.aws_security_group.this",
            "module.service_task_security_group.aws_security_group.this_name_prefix",
            "random_id.this"
          ]
        }
      ]
    },
    {
      "module": "module.codepipeline_ci_cd",
      "mode": "managed",
      "type": "aws_iam_role_policy_attachment",
      "name": "this",
      "provider": "provider[\"registry.terraform.io/hashicorp/aws\"]",
      "instances": [
        {
          "index_key": 0,
          "schema_version": 0,
          "attributes": {
            "id": "ecs-blueprint-infra-pipeline-a0fd-20221012151645347500000005",
            "policy_arn": "arn:aws:iam::409489027555:policy/ecs-blueprint-infra-pipeline-a0fd",
            "role": "ecs-blueprint-infra-pipeline-a0fd"
          },
          "sensitive_attributes": [],
          "private": "bnVsbA==",
          "dependencies": [
            "aws_service_discovery_service.sd_service",
            "data.aws_ecs_cluster.core_infra",
            "data.aws_iam_role.ecs_core_infra_exec_role",
            "data.aws_service_discovery_dns_namespace.sd_namespace",
            "data.aws_subnets.private",
            "data.aws_vpc.vpc",
            "module.codepipeline_ci_cd.aws_iam_policy.this",
            "module.codepipeline_ci_cd.aws_iam_role.this",
            "module.codepipeline_ci_cd.data.aws_iam_policy_document.assume_role_policy",
            "module.codepipeline_ci_cd.data.aws_iam_policy_document.this",
            "module.codepipeline_s3_bucket.aws_s3_bucket.this",
            "module.codepipeline_s3_bucket.aws_s3_bucket_accelerate_configuration.this",
            "module.codepipeline_s3_bucket.aws_s3_bucket_acl.this",
            "module.codepipeline_s3_bucket.aws_s3_bucket_cors_configuration.this",
            "module.codepipeline_s3_bucket.aws_s3_bucket_intelligent_tiering_configuration.this",
            "module.codepipeline_s3_bucket.aws_s3_bucket_lifecycle_configuration.this",
            "module.codepipeline_s3_bucket.aws_s3_bucket_logging.this",
            "module.codepipeline_s3_bucket.aws_s3_bucket_object_lock_configuration.this",
            "module.codepipeline_s3_bucket.aws_s3_bucket_ownership_controls.this",
            "module.codepipeline_s3_bucket.aws_s3_bucket_policy.this",
            "module.codepipeline_s3_bucket.aws_s3_bucket_public_access_block.this",
            "module.codepipeline_s3_bucket.aws_s3_bucket_replication_configuration.this",
            "module.codepipeline_s3_bucket.aws_s3_bucket_request_payment_configuration.this",
            "module.codepipeline_s3_bucket.aws_s3_bucket_server_side_encryption_configuration.this",
            "module.codepipeline_s3_bucket.aws_s3_bucket_versioning.this",
            "module.codepipeline_s3_bucket.aws_s3_bucket_website_configuration.this",
            "module.codepipeline_s3_bucket.data.aws_canonical_user_id.this",
            "module.codepipeline_s3_bucket.data.aws_elb_service_account.this",
            "module.codepipeline_s3_bucket.data.aws_iam_policy_document.combined",
            "module.codepipeline_s3_bucket.data.aws_iam_policy_document.deny_insecure_transport",
            "module.codepipeline_s3_bucket.data.aws_iam_policy_document.elb_log_delivery",
            "module.codepipeline_s3_bucket.data.aws_iam_policy_document.lb_log_delivery",
            "module.codepipeline_s3_bucket.data.aws_iam_policy_document.require_latest_tls",
            "module.container_image_ecr.aws_ecr_repository.this",
            "module.container_image_ecr.aws_ecrpublic_repository.this",
            "module.ecs_service_definition.aws_cloudwatch_log_group.this",
            "module.ecs_service_definition.aws_ecs_service.this",
            "module.ecs_service_definition.aws_ecs_task_definition.this",
            "module.ecs_service_definition.aws_iam_role.task",
            "module.ecs_service_definition.data.aws_iam_policy_document.task",
            "module.ecs_service_definition.data.aws_region.current",
            "module.service_alb.aws_lb_target_group.main",
            "module.service_task_security_group.aws_security_group.this",
            "module.service_task_security_group.aws_security_group.this_name_prefix",
            "random_id.this"
          ]
        }
      ]
    },
    {
      "module": "module.codepipeline_s3_bucket",
      "mode": "data",
      "type": "aws_canonical_user_id",
      "name": "this",
      "provider": "provider[\"registry.terraform.io/hashicorp/aws\"]",
      "instances": [
        {
          "schema_version": 0,
          "attributes": {
            "display_name": "bkkwong",
            "id": "54b27722c3451ee09fb8fb4522e188cbe40abca482e645da8827c16049ba1f39"
          },
          "sensitive_attributes": []
        }
      ]
    },
    {
      "module": "module.codepipeline_s3_bucket",
      "mode": "data",
      "type": "aws_iam_policy_document",
      "name": "combined",
      "provider": "provider[\"registry.terraform.io/hashicorp/aws\"]",
      "instances": [
        {
          "index_key": 0,
          "schema_version": 0,
          "attributes": {
            "id": "4281683151",
            "json": "{\n  \"Version\": \"2012-10-17\",\n  \"Statement\": [\n    {\n      \"Sid\": \"denyOutdatedTLS\",\n      \"Effect\": \"Deny\",\n      \"Action\": \"s3:*\",\n      \"Resource\": [\n        \"arn:aws:s3:::codepipeline-ap-southeast-1-a0fd/*\",\n        \"arn:aws:s3:::codepipeline-ap-southeast-1-a0fd\"\n      ],\n      \"Principal\": \"*\",\n      \"Condition\": {\n        \"NumericLessThan\": {\n          \"s3:TlsVersion\": [\n            \"1.2\"\n          ]\n        }\n      }\n    },\n    {\n      \"Sid\": \"denyInsecureTransport\",\n      \"Effect\": \"Deny\",\n      \"Action\": \"s3:*\",\n      \"Resource\": [\n        \"arn:aws:s3:::codepipeline-ap-southeast-1-a0fd/*\",\n        \"arn:aws:s3:::codepipeline-ap-southeast-1-a0fd\"\n      ],\n      \"Principal\": \"*\",\n      \"Condition\": {\n        \"Bool\": {\n          \"aws:SecureTransport\": [\n            \"false\"\n          ]\n        }\n      }\n    }\n  ]\n}",
            "override_json": null,
            "override_policy_documents": null,
            "policy_id": null,
            "source_json": null,
            "source_policy_documents": [
              "{\n  \"Version\": \"2012-10-17\",\n  \"Statement\": [\n    {\n      \"Sid\": \"denyOutdatedTLS\",\n      \"Effect\": \"Deny\",\n      \"Action\": \"s3:*\",\n      \"Resource\": [\n        \"arn:aws:s3:::codepipeline-ap-southeast-1-a0fd/*\",\n        \"arn:aws:s3:::codepipeline-ap-southeast-1-a0fd\"\n      ],\n      \"Principal\": \"*\",\n      \"Condition\": {\n        \"NumericLessThan\": {\n          \"s3:TlsVersion\": \"1.2\"\n        }\n      }\n    }\n  ]\n}",
              "{\n  \"Version\": \"2012-10-17\",\n  \"Statement\": [\n    {\n      \"Sid\": \"denyInsecureTransport\",\n      \"Effect\": \"Deny\",\n      \"Action\": \"s3:*\",\n      \"Resource\": [\n        \"arn:aws:s3:::codepipeline-ap-southeast-1-a0fd/*\",\n        \"arn:aws:s3:::codepipeline-ap-southeast-1-a0fd\"\n      ],\n      \"Principal\": \"*\",\n      \"Condition\": {\n        \"Bool\": {\n          \"aws:SecureTransport\": \"false\"\n        }\n      }\n    }\n  ]\n}"
            ],
            "statement": null,
            "version": "2012-10-17"
          },
          "sensitive_attributes": []
        }
      ]
    },
    {
      "module": "module.codepipeline_s3_bucket",
      "mode": "data",
      "type": "aws_iam_policy_document",
      "name": "deny_insecure_transport",
      "provider": "provider[\"registry.terraform.io/hashicorp/aws\"]",
      "instances": [
        {
          "index_key": 0,
          "schema_version": 0,
          "attributes": {
            "id": "3904861121",
            "json": "{\n  \"Version\": \"2012-10-17\",\n  \"Statement\": [\n    {\n      \"Sid\": \"denyInsecureTransport\",\n      \"Effect\": \"Deny\",\n      \"Action\": \"s3:*\",\n      \"Resource\": [\n        \"arn:aws:s3:::codepipeline-ap-southeast-1-a0fd/*\",\n        \"arn:aws:s3:::codepipeline-ap-southeast-1-a0fd\"\n      ],\n      \"Principal\": \"*\",\n      \"Condition\": {\n        \"Bool\": {\n          \"aws:SecureTransport\": \"false\"\n        }\n      }\n    }\n  ]\n}",
            "override_json": null,
            "override_policy_documents": null,
            "policy_id": null,
            "source_json": null,
            "source_policy_documents": null,
            "statement": [
              {
                "actions": [
                  "s3:*"
                ],
                "condition": [
                  {
                    "test": "Bool",
                    "values": [
                      "false"
                    ],
                    "variable": "aws:SecureTransport"
                  }
                ],
                "effect": "Deny",
                "not_actions": [],
                "not_principals": [],
                "not_resources": [],
                "principals": [
                  {
                    "identifiers": [
                      "*"
                    ],
                    "type": "*"
                  }
                ],
                "resources": [
                  "arn:aws:s3:::codepipeline-ap-southeast-1-a0fd",
                  "arn:aws:s3:::codepipeline-ap-southeast-1-a0fd/*"
                ],
                "sid": "denyInsecureTransport"
              }
            ],
            "version": "2012-10-17"
          },
          "sensitive_attributes": []
        }
      ]
    },
    {
      "module": "module.codepipeline_s3_bucket",
      "mode": "data",
      "type": "aws_iam_policy_document",
      "name": "require_latest_tls",
      "provider": "provider[\"registry.terraform.io/hashicorp/aws\"]",
      "instances": [
        {
          "index_key": 0,
          "schema_version": 0,
          "attributes": {
            "id": "3579001870",
            "json": "{\n  \"Version\": \"2012-10-17\",\n  \"Statement\": [\n    {\n      \"Sid\": \"denyOutdatedTLS\",\n      \"Effect\": \"Deny\",\n      \"Action\": \"s3:*\",\n      \"Resource\": [\n        \"arn:aws:s3:::codepipeline-ap-southeast-1-a0fd/*\",\n        \"arn:aws:s3:::codepipeline-ap-southeast-1-a0fd\"\n      ],\n      \"Principal\": \"*\",\n      \"Condition\": {\n        \"NumericLessThan\": {\n          \"s3:TlsVersion\": \"1.2\"\n        }\n      }\n    }\n  ]\n}",
            "override_json": null,
            "override_policy_documents": null,
            "policy_id": null,
            "source_json": null,
            "source_policy_documents": null,
            "statement": [
              {
                "actions": [
                  "s3:*"
                ],
                "condition": [
                  {
                    "test": "NumericLessThan",
                    "values": [
                      "1.2"
                    ],
                    "variable": "s3:TlsVersion"
                  }
                ],
                "effect": "Deny",
                "not_actions": [],
                "not_principals": [],
                "not_resources": [],
                "principals": [
                  {
                    "identifiers": [
                      "*"
                    ],
                    "type": "*"
                  }
                ],
                "resources": [
                  "arn:aws:s3:::codepipeline-ap-southeast-1-a0fd",
                  "arn:aws:s3:::codepipeline-ap-southeast-1-a0fd/*"
                ],
                "sid": "denyOutdatedTLS"
              }
            ],
            "version": "2012-10-17"
          },
          "sensitive_attributes": []
        }
      ]
    },
    {
      "module": "module.codepipeline_s3_bucket",
      "mode": "managed",
      "type": "aws_s3_bucket",
      "name": "this",
      "provider": "provider[\"registry.terraform.io/hashicorp/aws\"]",
      "instances": [
        {
          "index_key": 0,
          "schema_version": 0,
          "attributes": {
            "acceleration_status": "",
            "acl": null,
            "arn": "arn:aws:s3:::codepipeline-ap-southeast-1-a0fd",
            "bucket": "codepipeline-ap-southeast-1-a0fd",
            "bucket_domain_name": "codepipeline-ap-southeast-1-a0fd.s3.amazonaws.com",
            "bucket_prefix": null,
            "bucket_regional_domain_name": "codepipeline-ap-southeast-1-a0fd.s3.ap-southeast-1.amazonaws.com",
            "cors_rule": [],
            "force_destroy": true,
            "grant": [
              {
                "id": "54b27722c3451ee09fb8fb4522e188cbe40abca482e645da8827c16049ba1f39",
                "permissions": [
                  "FULL_CONTROL"
                ],
                "type": "CanonicalUser",
                "uri": ""
              }
            ],
            "hosted_zone_id": "Z3O0J2DXBE1FTB",
            "id": "codepipeline-ap-southeast-1-a0fd",
            "lifecycle_rule": [],
            "logging": [],
            "object_lock_configuration": [],
            "object_lock_enabled": false,
            "policy": "",
            "region": "ap-southeast-1",
            "replication_configuration": [],
            "request_payer": "BucketOwner",
            "server_side_encryption_configuration": [],
            "tags": {
              "Blueprint": "ecs-blueprint-infra",
              "GithubRepo": "github.com/smartbenson1/ecs-blueprint-demo"
            },
            "tags_all": {
              "Blueprint": "ecs-blueprint-infra",
              "GithubRepo": "github.com/smartbenson1/ecs-blueprint-demo"
            },
            "timeouts": null,
            "versioning": [
              {
                "enabled": false,
                "mfa_delete": false
              }
            ],
            "website": [],
            "website_domain": null,
            "website_endpoint": null
          },
          "sensitive_attributes": [],
          "private": "eyJlMmJmYjczMC1lY2FhLTExZTYtOGY4OC0zNDM2M2JjN2M0YzAiOnsiY3JlYXRlIjoxMjAwMDAwMDAwMDAwLCJkZWxldGUiOjM2MDAwMDAwMDAwMDAsInJlYWQiOjEyMDAwMDAwMDAwMDAsInVwZGF0ZSI6MTIwMDAwMDAwMDAwMH19",
          "dependencies": [
            "random_id.this"
          ]
        }
      ]
    },
    {
      "module": "module.codepipeline_s3_bucket",
      "mode": "managed",
      "type": "aws_s3_bucket_acl",
      "name": "this",
      "provider": "provider[\"registry.terraform.io/hashicorp/aws\"]",
      "instances": [
        {
          "index_key": 0,
          "schema_version": 0,
          "attributes": {
            "access_control_policy": [
              {
                "grant": [
                  {
                    "grantee": [
                      {
                        "display_name": "bkkwong",
                        "email_address": "",
                        "id": "54b27722c3451ee09fb8fb4522e188cbe40abca482e645da8827c16049ba1f39",
                        "type": "CanonicalUser",
                        "uri": ""
                      }
                    ],
                    "permission": "FULL_CONTROL"
                  }
                ],
                "owner": [
                  {
                    "display_name": "bkkwong",
                    "id": "54b27722c3451ee09fb8fb4522e188cbe40abca482e645da8827c16049ba1f39"
                  }
                ]
              }
            ],
            "acl": "private",
            "bucket": "codepipeline-ap-southeast-1-a0fd",
            "expected_bucket_owner": "",
            "id": "codepipeline-ap-southeast-1-a0fd,private"
          },
          "sensitive_attributes": [],
          "private": "bnVsbA==",
          "dependencies": [
            "module.codepipeline_s3_bucket.aws_s3_bucket.this",
            "module.codepipeline_s3_bucket.data.aws_canonical_user_id.this",
            "random_id.this"
          ]
        }
      ]
    },
    {
      "module": "module.codepipeline_s3_bucket",
      "mode": "managed",
      "type": "aws_s3_bucket_policy",
      "name": "this",
      "provider": "provider[\"registry.terraform.io/hashicorp/aws\"]",
      "instances": [
        {
          "index_key": 0,
          "schema_version": 0,
          "attributes": {
            "bucket": "codepipeline-ap-southeast-1-a0fd",
            "id": "codepipeline-ap-southeast-1-a0fd",
            "policy": "{\n  \"Version\": \"2012-10-17\",\n  \"Statement\": [\n    {\n      \"Sid\": \"denyOutdatedTLS\",\n      \"Effect\": \"Deny\",\n      \"Action\": \"s3:*\",\n      \"Resource\": [\n        \"arn:aws:s3:::codepipeline-ap-southeast-1-a0fd/*\",\n        \"arn:aws:s3:::codepipeline-ap-southeast-1-a0fd\"\n      ],\n      \"Principal\": \"*\",\n      \"Condition\": {\n        \"NumericLessThan\": {\n          \"s3:TlsVersion\": [\n            \"1.2\"\n          ]\n        }\n      }\n    },\n    {\n      \"Sid\": \"denyInsecureTransport\",\n      \"Effect\": \"Deny\",\n      \"Action\": \"s3:*\",\n      \"Resource\": [\n        \"arn:aws:s3:::codepipeline-ap-southeast-1-a0fd/*\",\n        \"arn:aws:s3:::codepipeline-ap-southeast-1-a0fd\"\n      ],\n      \"Principal\": \"*\",\n      \"Condition\": {\n        \"Bool\": {\n          \"aws:SecureTransport\": [\n            \"false\"\n          ]\n        }\n      }\n    }\n  ]\n}"
          },
          "sensitive_attributes": [],
          "private": "bnVsbA==",
          "dependencies": [
            "module.codepipeline_s3_bucket.aws_s3_bucket.this",
            "module.codepipeline_s3_bucket.data.aws_iam_policy_document.combined",
            "module.codepipeline_s3_bucket.data.aws_iam_policy_document.deny_insecure_transport",
            "module.codepipeline_s3_bucket.data.aws_iam_policy_document.elb_log_delivery",
            "module.codepipeline_s3_bucket.data.aws_iam_policy_document.lb_log_delivery",
            "module.codepipeline_s3_bucket.data.aws_iam_policy_document.require_latest_tls",
            "random_id.this"
          ]
        }
      ]
    },
    {
      "module": "module.codepipeline_s3_bucket",
      "mode": "managed",
      "type": "aws_s3_bucket_public_access_block",
      "name": "this",
      "provider": "provider[\"registry.terraform.io/hashicorp/aws\"]",
      "instances": [
        {
          "index_key": 0,
          "schema_version": 0,
          "attributes": {
            "block_public_acls": true,
            "block_public_policy": true,
            "bucket": "codepipeline-ap-southeast-1-a0fd",
            "id": "codepipeline-ap-southeast-1-a0fd",
            "ignore_public_acls": true,
            "restrict_public_buckets": true
          },
          "sensitive_attributes": [],
          "private": "bnVsbA==",
          "dependencies": [
            "module.codepipeline_s3_bucket.aws_s3_bucket.this",
            "module.codepipeline_s3_bucket.aws_s3_bucket_policy.this",
            "module.codepipeline_s3_bucket.data.aws_iam_policy_document.combined",
            "module.codepipeline_s3_bucket.data.aws_iam_policy_document.deny_insecure_transport",
            "module.codepipeline_s3_bucket.data.aws_iam_policy_document.elb_log_delivery",
            "module.codepipeline_s3_bucket.data.aws_iam_policy_document.lb_log_delivery",
            "module.codepipeline_s3_bucket.data.aws_iam_policy_document.require_latest_tls",
            "random_id.this"
          ]
        }
      ]
    },
    {
      "module": "module.codepipeline_s3_bucket",
      "mode": "managed",
      "type": "aws_s3_bucket_server_side_encryption_configuration",
      "name": "this",
      "provider": "provider[\"registry.terraform.io/hashicorp/aws\"]",
      "instances": [
        {
          "index_key": 0,
          "schema_version": 0,
          "attributes": {
            "bucket": "codepipeline-ap-southeast-1-a0fd",
            "expected_bucket_owner": "",
            "id": "codepipeline-ap-southeast-1-a0fd",
            "rule": [
              {
                "apply_server_side_encryption_by_default": [
                  {
                    "kms_master_key_id": "",
                    "sse_algorithm": "AES256"
                  }
                ],
                "bucket_key_enabled": null
              }
            ]
          },
          "sensitive_attributes": [],
          "private": "bnVsbA==",
          "dependencies": [
            "module.codepipeline_s3_bucket.aws_s3_bucket.this",
            "random_id.this"
          ]
        }
      ]
    },
    {
      "module": "module.container_image_ecr",
      "mode": "data",
      "type": "aws_caller_identity",
      "name": "current",
      "provider": "provider[\"registry.terraform.io/hashicorp/aws\"]",
      "instances": [
        {
          "schema_version": 0,
          "attributes": {
            "account_id": "409489027555",
            "arn": "arn:aws:iam::409489027555:user/bkkwong",
            "id": "409489027555",
            "user_id": "AIDAJ5LGNYITIGPEYPW4Q"
          },
          "sensitive_attributes": []
        }
      ]
    },
    {
      "module": "module.container_image_ecr",
      "mode": "data",
      "type": "aws_iam_policy_document",
      "name": "repository",
      "provider": "provider[\"registry.terraform.io/hashicorp/aws\"]",
      "instances": [
        {
          "index_key": 0,
          "schema_version": 0,
          "attributes": {
            "id": "1998326169",
            "json": "{\n  \"Version\": \"2012-10-17\",\n  \"Statement\": [\n    {\n      \"Sid\": \"PrivateReadOnly\",\n      \"Effect\": \"Allow\",\n      \"Action\": [\n        \"ecr:ListTagsForResource\",\n        \"ecr:ListImages\",\n        \"ecr:GetRepositoryPolicy\",\n        \"ecr:GetLifecyclePolicyPreview\",\n        \"ecr:GetLifecyclePolicy\",\n        \"ecr:GetDownloadUrlForLayer\",\n        \"ecr:DescribeRepositories\",\n        \"ecr:DescribeImages\",\n        \"ecr:DescribeImageScanFindings\",\n        \"ecr:BatchGetImage\",\n        \"ecr:BatchCheckLayerAvailability\"\n      ],\n      \"Principal\": {\n        \"AWS\": [\n          \"arn:aws:iam::409489027555:role/ecs-blueprint-infra-pipeline-a0fd\",\n          \"arn:aws:iam::409489027555:role/ecs-blueprint-infra-execution\"\n        ]\n      }\n    },\n    {\n      \"Sid\": \"ReadWrite\",\n      \"Effect\": \"Allow\",\n      \"Action\": [\n        \"ecr:UploadLayerPart\",\n        \"ecr:PutImage\",\n        \"ecr:InitiateLayerUpload\",\n        \"ecr:CompleteLayerUpload\"\n      ],\n      \"Principal\": {\n        \"AWS\": \"arn:aws:iam::409489027555:role/ecs-blueprint-infra-pipeline-a0fd\"\n      }\n    }\n  ]\n}",
            "override_json": null,
            "override_policy_documents": null,
            "policy_id": null,
            "source_json": null,
            "source_policy_documents": null,
            "statement": [
              {
                "actions": [
                  "ecr:BatchCheckLayerAvailability",
                  "ecr:BatchGetImage",
                  "ecr:DescribeImageScanFindings",
                  "ecr:DescribeImages",
                  "ecr:DescribeRepositories",
                  "ecr:GetDownloadUrlForLayer",
                  "ecr:GetLifecyclePolicy",
                  "ecr:GetLifecyclePolicyPreview",
                  "ecr:GetRepositoryPolicy",
                  "ecr:ListImages",
                  "ecr:ListTagsForResource"
                ],
                "condition": [],
                "effect": "Allow",
                "not_actions": [],
                "not_principals": [],
                "not_resources": [],
                "principals": [
                  {
                    "identifiers": [
                      "arn:aws:iam::409489027555:role/ecs-blueprint-infra-execution",
                      "arn:aws:iam::409489027555:role/ecs-blueprint-infra-pipeline-a0fd"
                    ],
                    "type": "AWS"
                  }
                ],
                "resources": [],
                "sid": "PrivateReadOnly"
              },
              {
                "actions": [
                  "ecr:CompleteLayerUpload",
                  "ecr:InitiateLayerUpload",
                  "ecr:PutImage",
                  "ecr:UploadLayerPart"
                ],
                "condition": [],
                "effect": "Allow",
                "not_actions": [],
                "not_principals": [],
                "not_resources": [],
                "principals": [
                  {
                    "identifiers": [
                      "arn:aws:iam::409489027555:role/ecs-blueprint-infra-pipeline-a0fd"
                    ],
                    "type": "AWS"
                  }
                ],
                "resources": [],
                "sid": "ReadWrite"
              }
            ],
            "version": "2012-10-17"
          },
          "sensitive_attributes": []
        }
      ]
    },
    {
      "module": "module.container_image_ecr",
      "mode": "data",
      "type": "aws_partition",
      "name": "current",
      "provider": "provider[\"registry.terraform.io/hashicorp/aws\"]",
      "instances": [
        {
          "schema_version": 0,
          "attributes": {
            "dns_suffix": "amazonaws.com",
            "id": "aws",
            "partition": "aws",
            "reverse_dns_prefix": "com.amazonaws"
          },
          "sensitive_attributes": []
        }
      ]
    },
    {
      "module": "module.container_image_ecr",
      "mode": "managed",
      "type": "aws_ecr_repository",
      "name": "this",
      "provider": "provider[\"registry.terraform.io/hashicorp/aws\"]",
      "instances": [
        {
          "index_key": 0,
          "schema_version": 0,
          "attributes": {
            "arn": "arn:aws:ecr:ap-southeast-1:409489027555:repository/ecsdemo-frontend",
            "encryption_configuration": [
              {
                "encryption_type": "AES256",
                "kms_key": ""
              }
            ],
            "force_delete": true,
            "id": "ecsdemo-frontend",
            "image_scanning_configuration": [
              {
                "scan_on_push": true
              }
            ],
            "image_tag_mutability": "IMMUTABLE",
            "name": "ecsdemo-frontend",
            "registry_id": "409489027555",
            "repository_url": "409489027555.dkr.ecr.ap-southeast-1.amazonaws.com/ecsdemo-frontend",
            "tags": {
              "Blueprint": "ecs-blueprint-infra",
              "GithubRepo": "github.com/smartbenson1/ecs-blueprint-demo"
            },
            "tags_all": {
              "Blueprint": "ecs-blueprint-infra",
              "GithubRepo": "github.com/smartbenson1/ecs-blueprint-demo"
            },
            "timeouts": null
          },
          "sensitive_attributes": [],
          "private": "eyJlMmJmYjczMC1lY2FhLTExZTYtOGY4OC0zNDM2M2JjN2M0YzAiOnsiZGVsZXRlIjoxMjAwMDAwMDAwMDAwfX0="
        }
      ]
    },
    {
      "module": "module.container_image_ecr",
      "mode": "managed",
      "type": "aws_ecr_repository_policy",
      "name": "this",
      "provider": "provider[\"registry.terraform.io/hashicorp/aws\"]",
      "instances": [
        {
          "index_key": 0,
          "schema_version": 0,
          "attributes": {
            "id": "ecsdemo-frontend",
            "policy": "{\"Statement\":[{\"Action\":[\"ecr:ListTagsForResource\",\"ecr:ListImages\",\"ecr:GetRepositoryPolicy\",\"ecr:GetLifecyclePolicyPreview\",\"ecr:GetLifecyclePolicy\",\"ecr:GetDownloadUrlForLayer\",\"ecr:DescribeRepositories\",\"ecr:DescribeImages\",\"ecr:DescribeImageScanFindings\",\"ecr:BatchGetImage\",\"ecr:BatchCheckLayerAvailability\"],\"Effect\":\"Allow\",\"Principal\":{\"AWS\":[\"arn:aws:iam::409489027555:role/ecs-blueprint-infra-pipeline-a0fd\",\"arn:aws:iam::409489027555:role/ecs-blueprint-infra-execution\"]},\"Sid\":\"PrivateReadOnly\"},{\"Action\":[\"ecr:UploadLayerPart\",\"ecr:PutImage\",\"ecr:InitiateLayerUpload\",\"ecr:CompleteLayerUpload\"],\"Effect\":\"Allow\",\"Principal\":{\"AWS\":\"arn:aws:iam::409489027555:role/ecs-blueprint-infra-pipeline-a0fd\"},\"Sid\":\"ReadWrite\"}],\"Version\":\"2012-10-17\"}",
            "registry_id": "409489027555",
            "repository": "ecsdemo-frontend"
          },
          "sensitive_attributes": [],
          "private": "bnVsbA==",
          "dependencies": [
            "aws_service_discovery_service.sd_service",
            "data.aws_ecs_cluster.core_infra",
            "data.aws_iam_role.ecs_core_infra_exec_role",
            "data.aws_service_discovery_dns_namespace.sd_namespace",
            "data.aws_subnets.private",
            "data.aws_vpc.vpc",
            "module.codepipeline_ci_cd.aws_iam_role.this",
            "module.codepipeline_ci_cd.data.aws_iam_policy_document.assume_role_policy",
            "module.container_image_ecr.aws_ecr_repository.this",
            "module.container_image_ecr.aws_ecrpublic_repository.this",
            "module.container_image_ecr.data.aws_caller_identity.current",
            "module.container_image_ecr.data.aws_iam_policy_document.repository",
            "module.container_image_ecr.data.aws_partition.current",
            "module.ecs_service_definition.aws_cloudwatch_log_group.this",
            "module.ecs_service_definition.aws_ecs_service.this",
            "module.ecs_service_definition.aws_ecs_task_definition.this",
            "module.ecs_service_definition.aws_iam_role.task",
            "module.ecs_service_definition.data.aws_iam_policy_document.task",
            "module.ecs_service_definition.data.aws_region.current",
            "module.service_alb.aws_lb_target_group.main",
            "module.service_task_security_group.aws_security_group.this",
            "module.service_task_security_group.aws_security_group.this_name_prefix",
            "random_id.this"
          ]
        }
      ]
    },
    {
      "module": "module.ecs",
      "mode": "managed",
      "type": "aws_ecs_cluster",
      "name": "this",
      "provider": "provider[\"registry.terraform.io/hashicorp/aws\"]",
      "instances": [
        {
          "index_key": 0,
          "schema_version": 0,
          "attributes": {
            "arn": "arn:aws:ecs:ap-southeast-1:409489027555:cluster/ecs-blueprint-infra",
            "capacity_providers": [
              "FARGATE",
              "FARGATE_SPOT"
            ],
            "configuration": [
              {
                "execute_command_configuration": [
                  {
                    "kms_key_id": "",
                    "log_configuration": [
                      {
                        "cloud_watch_encryption_enabled": false,
                        "cloud_watch_log_group_name": "/aws/ecs/ecs-blueprint-infra",
                        "s3_bucket_encryption_enabled": false,
                        "s3_bucket_name": "",
                        "s3_key_prefix": ""
                      }
                    ],
                    "logging": "OVERRIDE"
                  }
                ]
              }
            ],
            "default_capacity_provider_strategy": [
              {
                "base": 0,
                "capacity_provider": "FARGATE_SPOT",
                "weight": 0
              },
              {
                "base": 1,
                "capacity_provider": "FARGATE",
                "weight": 1
              }
            ],
            "id": "arn:aws:ecs:ap-southeast-1:409489027555:cluster/ecs-blueprint-infra",
            "name": "ecs-blueprint-infra",
            "setting": [
              {
                "name": "containerInsights",
                "value": "enabled"
              }
            ],
            "tags": {
              "Blueprint": "ecs-blueprint-infra",
              "GithubRepo": "github.com/smartbenson1/ecs-blueprint-demo"
            },
            "tags_all": {
              "Blueprint": "ecs-blueprint-infra",
              "GithubRepo": "github.com/smartbenson1/ecs-blueprint-demo"
            }
          },
          "sensitive_attributes": [],
          "private": "bnVsbA==",
          "dependencies": [
            "aws_cloudwatch_log_group.this"
          ]
        }
      ]
    },
    {
      "module": "module.ecs",
      "mode": "managed",
      "type": "aws_ecs_cluster_capacity_providers",
      "name": "this",
      "provider": "provider[\"registry.terraform.io/hashicorp/aws\"]",
      "instances": [
        {
          "index_key": 0,
          "schema_version": 0,
          "attributes": {
            "capacity_providers": [
              "FARGATE",
              "FARGATE_SPOT"
            ],
            "cluster_name": "ecs-blueprint-infra",
            "default_capacity_provider_strategy": [
              {
                "base": 0,
                "capacity_provider": "FARGATE_SPOT",
                "weight": 0
              },
              {
                "base": 1,
                "capacity_provider": "FARGATE",
                "weight": 1
              }
            ],
            "id": "ecs-blueprint-infra"
          },
          "sensitive_attributes": [],
          "private": "bnVsbA==",
          "dependencies": [
            "aws_cloudwatch_log_group.this",
            "module.ecs.aws_ecs_capacity_provider.this",
            "module.ecs.aws_ecs_cluster.this"
          ]
        }
      ]
    },
    {
      "module": "module.ecs_service_definition",
      "mode": "data",
      "type": "aws_iam_policy_document",
      "name": "task",
      "provider": "provider[\"registry.terraform.io/hashicorp/aws\"]",
      "instances": [
        {
          "schema_version": 0,
          "attributes": {
            "id": "320642683",
            "json": "{\n  \"Version\": \"2012-10-17\",\n  \"Statement\": [\n    {\n      \"Sid\": \"\",\n      \"Effect\": \"Allow\",\n      \"Action\": \"sts:AssumeRole\",\n      \"Principal\": {\n        \"Service\": \"ecs-tasks.amazonaws.com\"\n      }\n    }\n  ]\n}",
            "override_json": null,
            "override_policy_documents": null,
            "policy_id": null,
            "source_json": null,
            "source_policy_documents": null,
            "statement": [
              {
                "actions": [
                  "sts:AssumeRole"
                ],
                "condition": [],
                "effect": "Allow",
                "not_actions": [],
                "not_principals": [],
                "not_resources": [],
                "principals": [
                  {
                    "identifiers": [
                      "ecs-tasks.amazonaws.com"
                    ],
                    "type": "Service"
                  }
                ],
                "resources": [],
                "sid": ""
              }
            ],
            "version": "2012-10-17"
          },
          "sensitive_attributes": []
        }
      ]
    },
    {
      "module": "module.ecs_service_definition",
      "mode": "data",
      "type": "aws_region",
      "name": "current",
      "provider": "provider[\"registry.terraform.io/hashicorp/aws\"]",
      "instances": [
        {
          "schema_version": 0,
          "attributes": {
            "description": "Asia Pacific (Singapore)",
            "endpoint": "ec2.ap-southeast-1.amazonaws.com",
            "id": "ap-southeast-1",
            "name": "ap-southeast-1"
          },
          "sensitive_attributes": []
        }
      ]
    },
    {
      "module": "module.ecs_service_definition",
      "mode": "managed",
      "type": "aws_cloudwatch_log_group",
      "name": "this",
      "provider": "provider[\"registry.terraform.io/hashicorp/aws\"]",
      "instances": [
        {
          "schema_version": 0,
          "attributes": {
            "arn": "arn:aws:logs:ap-southeast-1:409489027555:log-group:/ecs/ecs-blueprint-infra",
            "id": "/ecs/ecs-blueprint-infra",
            "kms_key_id": "",
            "name": "/ecs/ecs-blueprint-infra",
            "name_prefix": null,
            "retention_in_days": 7,
            "tags": {
              "Blueprint": "ecs-blueprint-infra",
              "GithubRepo": "github.com/smartbenson1/ecs-blueprint-demo"
            },
            "tags_all": {
              "Blueprint": "ecs-blueprint-infra",
              "GithubRepo": "github.com/smartbenson1/ecs-blueprint-demo"
            }
          },
          "sensitive_attributes": [],
          "private": "bnVsbA=="
        }
      ]
    },
    {
      "module": "module.ecs_service_definition",
      "mode": "managed",
      "type": "aws_ecs_service",
      "name": "this",
      "provider": "provider[\"registry.terraform.io/hashicorp/aws\"]",
      "instances": [
        {
          "schema_version": 0,
          "attributes": {
            "capacity_provider_strategy": [
              {
                "base": 0,
                "capacity_provider": "FARGATE_SPOT",
                "weight": 0
              },
              {
                "base": 1,
                "capacity_provider": "FARGATE",
                "weight": 1
              }
            ],
            "cluster": "ecs-blueprint-infra",
            "deployment_circuit_breaker": [
              {
                "enable": false,
                "rollback": false
              }
            ],
            "deployment_controller": [
              {
                "type": "ECS"
              }
            ],
            "deployment_maximum_percent": 200,
            "deployment_minimum_healthy_percent": 100,
            "desired_count": 3,
            "enable_ecs_managed_tags": true,
            "enable_execute_command": false,
            "force_new_deployment": null,
            "health_check_grace_period_seconds": 30,
            "iam_role": "aws-service-role",
            "id": "arn:aws:ecs:ap-southeast-1:409489027555:service/ecs-blueprint-infra/ecs-blueprint-infra",
            "launch_type": "",
            "load_balancer": [
              {
                "container_name": "ecsdemo-frontend",
                "container_port": 3000,
                "elb_name": "",
                "target_group_arn": "arn:aws:elasticloadbalancing:ap-southeast-1:409489027555:targetgroup/ecsdemo-frontend-tg/0985ba06181267c1"
              }
            ],
            "name": "ecs-blueprint-infra",
            "network_configuration": [
              {
                "assign_public_ip": false,
                "security_groups": [
                  "sg-06b9b99671d5f6682"
                ],
                "subnets": [
                  "subnet-05d0d8b7a304708a8",
                  "subnet-0a3cdc9d2aef2db6e",
                  "subnet-0bf7e93e0acfd4242"
                ]
              }
            ],
            "ordered_placement_strategy": [],
            "placement_constraints": [],
            "platform_version": "LATEST",
            "propagate_tags": "SERVICE",
            "scheduling_strategy": "REPLICA",
            "service_registries": [
              {
                "container_name": "",
                "container_port": 0,
                "port": 0,
                "registry_arn": "arn:aws:servicediscovery:ap-southeast-1:409489027555:service/srv-wlqb6kltquevjrw6"
              }
            ],
            "tags": {
              "Blueprint": "ecs-blueprint-infra",
              "GithubRepo": "github.com/smartbenson1/ecs-blueprint-demo"
            },
            "tags_all": {
              "Blueprint": "ecs-blueprint-infra",
              "GithubRepo": "github.com/smartbenson1/ecs-blueprint-demo"
            },
            "task_definition": "arn:aws:ecs:ap-southeast-1:409489027555:task-definition/ecs-blueprint-infra:1",
            "timeouts": null,
            "wait_for_steady_state": false
          },
          "sensitive_attributes": [],
          "private": "eyJlMmJmYjczMC1lY2FhLTExZTYtOGY4OC0zNDM2M2JjN2M0YzAiOnsiY3JlYXRlIjoxMjAwMDAwMDAwMDAwLCJkZWxldGUiOjEyMDAwMDAwMDAwMDAsInVwZGF0ZSI6MTIwMDAwMDAwMDAwMH19",
          "dependencies": [
            "aws_service_discovery_service.sd_service",
            "data.aws_ecs_cluster.core_infra",
            "data.aws_iam_role.ecs_core_infra_exec_role",
            "data.aws_service_discovery_dns_namespace.sd_namespace",
            "data.aws_subnets.private",
            "data.aws_vpc.vpc",
            "module.container_image_ecr.aws_ecr_repository.this",
            "module.container_image_ecr.aws_ecrpublic_repository.this",
            "module.ecs_service_definition.aws_cloudwatch_log_group.this",
            "module.ecs_service_definition.aws_ecs_task_definition.this",
            "module.ecs_service_definition.aws_iam_role.task",
            "module.ecs_service_definition.data.aws_iam_policy_document.task",
            "module.ecs_service_definition.data.aws_region.current",
            "module.service_alb.aws_lb_target_group.main",
            "module.service_task_security_group.aws_security_group.this",
            "module.service_task_security_group.aws_security_group.this_name_prefix"
          ]
        }
      ]
    },
    {
      "module": "module.ecs_service_definition",
      "mode": "managed",
      "type": "aws_ecs_task_definition",
      "name": "this",
      "provider": "provider[\"registry.terraform.io/hashicorp/aws\"]",
      "instances": [
        {
          "schema_version": 1,
          "attributes": {
            "arn": "arn:aws:ecs:ap-southeast-1:409489027555:task-definition/ecs-blueprint-infra:1",
            "container_definitions": "[{\"cpu\":0,\"environment\":[],\"essential\":true,\"image\":\"409489027555.dkr.ecr.ap-southeast-1.amazonaws.com/ecsdemo-frontend\",\"logConfiguration\":{\"logDriver\":\"awslogs\",\"options\":{\"awslogs-group\":\"/ecs/ecs-blueprint-infra\",\"awslogs-region\":\"ap-southeast-1\",\"awslogs-stream-prefix\":\"ecs\"}},\"mountPoints\":[],\"name\":\"ecsdemo-frontend\",\"portMappings\":[{\"containerPort\":3000,\"hostPort\":3000,\"protocol\":\"tcp\"}],\"readonlyRootFilesystem\":false,\"volumesFrom\":[]}]",
            "cpu": "256",
            "ephemeral_storage": [],
            "execution_role_arn": "arn:aws:iam::409489027555:role/ecs-blueprint-infra-execution",
            "family": "ecs-blueprint-infra",
            "id": "ecs-blueprint-infra",
            "inference_accelerator": [],
            "ipc_mode": "",
            "memory": "512",
            "network_mode": "awsvpc",
            "pid_mode": "",
            "placement_constraints": [],
            "proxy_configuration": [],
            "requires_compatibilities": [
              "FARGATE"
            ],
            "revision": 1,
            "runtime_platform": [
              {
                "cpu_architecture": "X86_64",
                "operating_system_family": "LINUX"
              }
            ],
            "skip_destroy": false,
            "tags": {
              "Blueprint": "ecs-blueprint-infra",
              "GithubRepo": "github.com/smartbenson1/ecs-blueprint-demo"
            },
            "tags_all": {
              "Blueprint": "ecs-blueprint-infra",
              "GithubRepo": "github.com/smartbenson1/ecs-blueprint-demo"
            },
            "task_role_arn": "arn:aws:iam::409489027555:role/ecs-blueprint-infra-task",
            "volume": []
          },
          "sensitive_attributes": [],
          "private": "eyJzY2hlbWFfdmVyc2lvbiI6IjEifQ==",
          "dependencies": [
            "data.aws_iam_role.ecs_core_infra_exec_role",
            "module.container_image_ecr.aws_ecr_repository.this",
            "module.container_image_ecr.aws_ecrpublic_repository.this",
            "module.ecs_service_definition.aws_cloudwatch_log_group.this",
            "module.ecs_service_definition.aws_iam_role.task",
            "module.ecs_service_definition.data.aws_iam_policy_document.task",
            "module.ecs_service_definition.data.aws_region.current"
          ]
        }
      ]
    },
    {
      "module": "module.ecs_service_definition",
      "mode": "managed",
      "type": "aws_iam_role",
      "name": "task",
      "provider": "provider[\"registry.terraform.io/hashicorp/aws\"]",
      "instances": [
        {
          "schema_version": 0,
          "attributes": {
            "arn": "arn:aws:iam::409489027555:role/ecs-blueprint-infra-task",
            "assume_role_policy": "{\"Statement\":[{\"Action\":\"sts:AssumeRole\",\"Effect\":\"Allow\",\"Principal\":{\"Service\":\"ecs-tasks.amazonaws.com\"},\"Sid\":\"\"}],\"Version\":\"2012-10-17\"}",
            "create_date": "2022-10-12T15:14:34Z",
            "description": "",
            "force_detach_policies": false,
            "id": "ecs-blueprint-infra-task",
            "inline_policy": [],
            "managed_policy_arns": [],
            "max_session_duration": 3600,
            "name": "ecs-blueprint-infra-task",
            "name_prefix": "",
            "path": "/",
            "permissions_boundary": null,
            "tags": {
              "Blueprint": "ecs-blueprint-infra",
              "GithubRepo": "github.com/smartbenson1/ecs-blueprint-demo"
            },
            "tags_all": {
              "Blueprint": "ecs-blueprint-infra",
              "GithubRepo": "github.com/smartbenson1/ecs-blueprint-demo"
            },
            "unique_id": "AROAV6V3SWHRVFUM4BJDE"
          },
          "sensitive_attributes": [],
          "private": "bnVsbA==",
          "dependencies": [
            "module.ecs_service_definition.data.aws_iam_policy_document.task"
          ]
        }
      ]
    },
    {
      "module": "module.service_alb",
      "mode": "managed",
      "type": "aws_lb",
      "name": "this",
      "provider": "provider[\"registry.terraform.io/hashicorp/aws\"]",
      "instances": [
        {
          "index_key": 0,
          "schema_version": 0,
          "attributes": {
            "access_logs": [
              {
                "bucket": "",
                "enabled": false,
                "prefix": ""
              }
            ],
            "arn": "arn:aws:elasticloadbalancing:ap-southeast-1:409489027555:loadbalancer/app/ecsdemo-frontend-alb/e7ba25b619ce7d54",
            "arn_suffix": "app/ecsdemo-frontend-alb/e7ba25b619ce7d54",
            "customer_owned_ipv4_pool": "",
            "desync_mitigation_mode": "defensive",
            "dns_name": "ecsdemo-frontend-alb-1429581121.ap-southeast-1.elb.amazonaws.com",
            "drop_invalid_header_fields": false,
            "enable_cross_zone_load_balancing": null,
            "enable_deletion_protection": false,
            "enable_http2": true,
            "enable_waf_fail_open": false,
            "id": "arn:aws:elasticloadbalancing:ap-southeast-1:409489027555:loadbalancer/app/ecsdemo-frontend-alb/e7ba25b619ce7d54",
            "idle_timeout": 60,
            "internal": false,
            "ip_address_type": "ipv4",
            "load_balancer_type": "application",
            "name": "ecsdemo-frontend-alb",
            "name_prefix": null,
            "preserve_host_header": false,
            "security_groups": [
              "sg-01a30ab4b07bf1a77"
            ],
            "subnet_mapping": [
              {
                "allocation_id": "",
                "ipv6_address": "",
                "outpost_id": "",
                "private_ipv4_address": "",
                "subnet_id": "subnet-08de42269b92af062"
              },
              {
                "allocation_id": "",
                "ipv6_address": "",
                "outpost_id": "",
                "private_ipv4_address": "",
                "subnet_id": "subnet-0bbe496e2cf0a5cdb"
              },
              {
                "allocation_id": "",
                "ipv6_address": "",
                "outpost_id": "",
                "private_ipv4_address": "",
                "subnet_id": "subnet-0f6a146546ee17181"
              }
            ],
            "subnets": [
              "subnet-08de42269b92af062",
              "subnet-0bbe496e2cf0a5cdb",
              "subnet-0f6a146546ee17181"
            ],
            "tags": {
              "Blueprint": "ecs-blueprint-infra",
              "GithubRepo": "github.com/smartbenson1/ecs-blueprint-demo",
              "Name": "ecsdemo-frontend-alb"
            },
            "tags_all": {
              "Blueprint": "ecs-blueprint-infra",
              "GithubRepo": "github.com/smartbenson1/ecs-blueprint-demo",
              "Name": "ecsdemo-frontend-alb"
            },
            "timeouts": {
              "create": "10m",
              "delete": "10m",
              "update": "10m"
            },
            "vpc_id": "vpc-08a252cde0bffb7bc",
            "zone_id": "Z1LMS91P8CMLE5"
          },
          "sensitive_attributes": [],
          "private": "eyJlMmJmYjczMC1lY2FhLTExZTYtOGY4OC0zNDM2M2JjN2M0YzAiOnsiY3JlYXRlIjo2MDAwMDAwMDAwMDAsImRlbGV0ZSI6NjAwMDAwMDAwMDAwLCJ1cGRhdGUiOjYwMDAwMDAwMDAwMH19",
          "dependencies": [
            "data.aws_subnets.public",
            "data.aws_vpc.vpc",
            "module.service_alb_security_group.aws_security_group.this",
            "module.service_alb_security_group.aws_security_group.this_name_prefix"
          ]
        }
      ]
    },
    {
      "module": "module.service_alb",
      "mode": "managed",
      "type": "aws_lb_listener",
      "name": "frontend_http_tcp",
      "provider": "provider[\"registry.terraform.io/hashicorp/aws\"]",
      "instances": [
        {
          "index_key": 0,
          "schema_version": 0,
          "attributes": {
            "alpn_policy": null,
            "arn": "arn:aws:elasticloadbalancing:ap-southeast-1:409489027555:listener/app/ecsdemo-frontend-alb/e7ba25b619ce7d54/3aed0b25583ccca9",
            "certificate_arn": null,
            "default_action": [
              {
                "authenticate_cognito": [],
                "authenticate_oidc": [],
                "fixed_response": [],
                "forward": [],
                "order": 1,
                "redirect": [],
                "target_group_arn": "arn:aws:elasticloadbalancing:ap-southeast-1:409489027555:targetgroup/ecsdemo-frontend-tg/0985ba06181267c1",
                "type": "forward"
              }
            ],
            "id": "arn:aws:elasticloadbalancing:ap-southeast-1:409489027555:listener/app/ecsdemo-frontend-alb/e7ba25b619ce7d54/3aed0b25583ccca9",
            "load_balancer_arn": "arn:aws:elasticloadbalancing:ap-southeast-1:409489027555:loadbalancer/app/ecsdemo-frontend-alb/e7ba25b619ce7d54",
            "port": 80,
            "protocol": "HTTP",
            "ssl_policy": "",
            "tags": {
              "Blueprint": "ecs-blueprint-infra",
              "GithubRepo": "github.com/smartbenson1/ecs-blueprint-demo"
            },
            "tags_all": {
              "Blueprint": "ecs-blueprint-infra",
              "GithubRepo": "github.com/smartbenson1/ecs-blueprint-demo"
            },
            "timeouts": null
          },
          "sensitive_attributes": [],
          "private": "eyJlMmJmYjczMC1lY2FhLTExZTYtOGY4OC0zNDM2M2JjN2M0YzAiOnsicmVhZCI6NjAwMDAwMDAwMDAwfX0=",
          "dependencies": [
            "data.aws_subnets.public",
            "data.aws_vpc.vpc",
            "module.service_alb.aws_lb.this",
            "module.service_alb.aws_lb_target_group.main",
            "module.service_alb_security_group.aws_security_group.this",
            "module.service_alb_security_group.aws_security_group.this_name_prefix"
          ]
        }
      ]
    },
    {
      "module": "module.service_alb",
      "mode": "managed",
      "type": "aws_lb_target_group",
      "name": "main",
      "provider": "provider[\"registry.terraform.io/hashicorp/aws\"]",
      "instances": [
        {
          "index_key": 0,
          "schema_version": 0,
          "attributes": {
            "arn": "arn:aws:elasticloadbalancing:ap-southeast-1:409489027555:targetgroup/ecsdemo-frontend-tg/0985ba06181267c1",
            "arn_suffix": "targetgroup/ecsdemo-frontend-tg/0985ba06181267c1",
            "connection_termination": false,
            "deregistration_delay": "300",
            "health_check": [
              {
                "enabled": true,
                "healthy_threshold": 3,
                "interval": 30,
                "matcher": "200-299",
                "path": "/",
                "port": "3000",
                "protocol": "HTTP",
                "timeout": 5,
                "unhealthy_threshold": 3
              }
            ],
            "id": "arn:aws:elasticloadbalancing:ap-southeast-1:409489027555:targetgroup/ecsdemo-frontend-tg/0985ba06181267c1",
            "ip_address_type": null,
            "lambda_multi_value_headers_enabled": false,
            "load_balancing_algorithm_type": "round_robin",
            "name": "ecsdemo-frontend-tg",
            "name_prefix": null,
            "port": 3000,
            "preserve_client_ip": null,
            "protocol": "HTTP",
            "protocol_version": "HTTP1",
            "proxy_protocol_v2": false,
            "slow_start": 0,
            "stickiness": [
              {
                "cookie_duration": 86400,
                "cookie_name": "",
                "enabled": false,
                "type": "lb_cookie"
              }
            ],
            "tags": {
              "Blueprint": "ecs-blueprint-infra",
              "GithubRepo": "github.com/smartbenson1/ecs-blueprint-demo",
              "Name": "ecsdemo-frontend-tg"
            },
            "tags_all": {
              "Blueprint": "ecs-blueprint-infra",
              "GithubRepo": "github.com/smartbenson1/ecs-blueprint-demo",
              "Name": "ecsdemo-frontend-tg"
            },
            "target_type": "ip",
            "vpc_id": "vpc-08a252cde0bffb7bc"
          },
          "sensitive_attributes": [],
          "private": "bnVsbA==",
          "dependencies": [
            "data.aws_vpc.vpc"
          ],
          "create_before_destroy": true
        }
      ]
    },
    {
      "module": "module.service_alb_security_group",
      "mode": "managed",
      "type": "aws_security_group",
      "name": "this_name_prefix",
      "provider": "provider[\"registry.terraform.io/hashicorp/aws\"]",
      "instances": [
        {
          "index_key": 0,
          "schema_version": 1,
          "attributes": {
            "arn": "arn:aws:ec2:ap-southeast-1:409489027555:security-group/sg-01a30ab4b07bf1a77",
            "description": "Security group for client application",
            "egress": [],
            "id": "sg-01a30ab4b07bf1a77",
            "ingress": [],
            "name": "ecs-blueprint-infra-alb-sg-20221012151433683100000003",
            "name_prefix": "ecs-blueprint-infra-alb-sg-",
            "owner_id": "409489027555",
            "revoke_rules_on_delete": false,
            "tags": {
              "Blueprint": "ecs-blueprint-infra",
              "GithubRepo": "github.com/smartbenson1/ecs-blueprint-demo",
              "Name": "ecs-blueprint-infra-alb-sg"
            },
            "tags_all": {
              "Blueprint": "ecs-blueprint-infra",
              "GithubRepo": "github.com/smartbenson1/ecs-blueprint-demo",
              "Name": "ecs-blueprint-infra-alb-sg"
            },
            "timeouts": {
              "create": "10m",
              "delete": "15m"
            },
            "vpc_id": "vpc-08a252cde0bffb7bc"
          },
          "sensitive_attributes": [],
          "private": "eyJlMmJmYjczMC1lY2FhLTExZTYtOGY4OC0zNDM2M2JjN2M0YzAiOnsiY3JlYXRlIjo2MDAwMDAwMDAwMDAsImRlbGV0ZSI6OTAwMDAwMDAwMDAwfSwic2NoZW1hX3ZlcnNpb24iOiIxIn0=",
          "dependencies": [
            "data.aws_vpc.vpc"
          ],
          "create_before_destroy": true
        }
      ]
    },
    {
      "module": "module.service_alb_security_group",
      "mode": "managed",
      "type": "aws_security_group_rule",
      "name": "egress_rules",
      "provider": "provider[\"registry.terraform.io/hashicorp/aws\"]",
      "instances": [
        {
          "index_key": 0,
          "schema_version": 2,
          "attributes": {
            "cidr_blocks": [
              "10.0.10.0/24",
              "10.0.11.0/24",
              "10.0.12.0/24"
            ],
            "description": "All protocols",
            "from_port": -1,
            "id": "sgrule-678207486",
            "ipv6_cidr_blocks": [
              "::/0"
            ],
            "prefix_list_ids": [],
            "protocol": "-1",
            "security_group_id": "sg-01a30ab4b07bf1a77",
            "self": false,
            "source_security_group_id": null,
            "timeouts": null,
            "to_port": -1,
            "type": "egress"
          },
          "sensitive_attributes": [],
          "private": "eyJlMmJmYjczMC1lY2FhLTExZTYtOGY4OC0zNDM2M2JjN2M0YzAiOnsiY3JlYXRlIjozMDAwMDAwMDAwMDB9LCJzY2hlbWFfdmVyc2lvbiI6IjIifQ==",
          "dependencies": [
            "data.aws_subnet.private_cidr",
            "data.aws_subnets.private",
            "data.aws_vpc.vpc",
            "module.service_alb_security_group.aws_security_group.this",
            "module.service_alb_security_group.aws_security_group.this_name_prefix"
          ]
        }
      ]
    },
    {
      "module": "module.service_alb_security_group",
      "mode": "managed",
      "type": "aws_security_group_rule",
      "name": "ingress_rules",
      "provider": "provider[\"registry.terraform.io/hashicorp/aws\"]",
      "instances": [
        {
          "index_key": 0,
          "schema_version": 2,
          "attributes": {
            "cidr_blocks": [
              "0.0.0.0/0"
            ],
            "description": "HTTP",
            "from_port": 80,
            "id": "sgrule-2827755627",
            "ipv6_cidr_blocks": [],
            "prefix_list_ids": [],
            "protocol": "tcp",
            "security_group_id": "sg-01a30ab4b07bf1a77",
            "self": false,
            "source_security_group_id": null,
            "timeouts": null,
            "to_port": 80,
            "type": "ingress"
          },
          "sensitive_attributes": [],
          "private": "eyJlMmJmYjczMC1lY2FhLTExZTYtOGY4OC0zNDM2M2JjN2M0YzAiOnsiY3JlYXRlIjozMDAwMDAwMDAwMDB9LCJzY2hlbWFfdmVyc2lvbiI6IjIifQ==",
          "dependencies": [
            "data.aws_vpc.vpc",
            "module.service_alb_security_group.aws_security_group.this",
            "module.service_alb_security_group.aws_security_group.this_name_prefix"
          ]
        }
      ]
    },
    {
      "module": "module.service_task_security_group",
      "mode": "managed",
      "type": "aws_security_group",
      "name": "this_name_prefix",
      "provider": "provider[\"registry.terraform.io/hashicorp/aws\"]",
      "instances": [
        {
          "index_key": 0,
          "schema_version": 1,
          "attributes": {
            "arn": "arn:aws:ec2:ap-southeast-1:409489027555:security-group/sg-06b9b99671d5f6682",
            "description": "Security group for service task",
            "egress": [],
            "id": "sg-06b9b99671d5f6682",
            "ingress": [],
            "name": "ecsdemo-frontend-task-sg-20221012151432072200000001",
            "name_prefix": "ecsdemo-frontend-task-sg-",
            "owner_id": "409489027555",
            "revoke_rules_on_delete": false,
            "tags": {
              "Blueprint": "ecs-blueprint-infra",
              "GithubRepo": "github.com/smartbenson1/ecs-blueprint-demo",
              "Name": "ecsdemo-frontend-task-sg"
            },
            "tags_all": {
              "Blueprint": "ecs-blueprint-infra",
              "GithubRepo": "github.com/smartbenson1/ecs-blueprint-demo",
              "Name": "ecsdemo-frontend-task-sg"
            },
            "timeouts": {
              "create": "10m",
              "delete": "15m"
            },
            "vpc_id": "vpc-08a252cde0bffb7bc"
          },
          "sensitive_attributes": [],
          "private": "eyJlMmJmYjczMC1lY2FhLTExZTYtOGY4OC0zNDM2M2JjN2M0YzAiOnsiY3JlYXRlIjo2MDAwMDAwMDAwMDAsImRlbGV0ZSI6OTAwMDAwMDAwMDAwfSwic2NoZW1hX3ZlcnNpb24iOiIxIn0=",
          "dependencies": [
            "data.aws_vpc.vpc"
          ],
          "create_before_destroy": true
        }
      ]
    },
    {
      "module": "module.service_task_security_group",
      "mode": "managed",
      "type": "aws_security_group_rule",
      "name": "egress_rules",
      "provider": "provider[\"registry.terraform.io/hashicorp/aws\"]",
      "instances": [
        {
          "index_key": 0,
          "schema_version": 2,
          "attributes": {
            "cidr_blocks": [
              "0.0.0.0/0"
            ],
            "description": "All protocols",
            "from_port": -1,
            "id": "sgrule-1597717398",
            "ipv6_cidr_blocks": [
              "::/0"
            ],
            "prefix_list_ids": [],
            "protocol": "-1",
            "security_group_id": "sg-06b9b99671d5f6682",
            "self": false,
            "source_security_group_id": null,
            "timeouts": null,
            "to_port": -1,
            "type": "egress"
          },
          "sensitive_attributes": [],
          "private": "eyJlMmJmYjczMC1lY2FhLTExZTYtOGY4OC0zNDM2M2JjN2M0YzAiOnsiY3JlYXRlIjozMDAwMDAwMDAwMDB9LCJzY2hlbWFfdmVyc2lvbiI6IjIifQ==",
          "dependencies": [
            "data.aws_vpc.vpc",
            "module.service_task_security_group.aws_security_group.this",
            "module.service_task_security_group.aws_security_group.this_name_prefix"
          ]
        }
      ]
    },
    {
      "module": "module.service_task_security_group",
      "mode": "managed",
      "type": "aws_security_group_rule",
      "name": "ingress_with_source_security_group_id",
      "provider": "provider[\"registry.terraform.io/hashicorp/aws\"]",
      "instances": [
        {
          "index_key": 0,
          "schema_version": 2,
          "attributes": {
            "cidr_blocks": null,
            "description": "Ingress Rule",
            "from_port": 3000,
            "id": "sgrule-2735058241",
            "ipv6_cidr_blocks": null,
            "prefix_list_ids": [],
            "protocol": "tcp",
            "security_group_id": "sg-06b9b99671d5f6682",
            "self": false,
            "source_security_group_id": "sg-01a30ab4b07bf1a77",
            "timeouts": null,
            "to_port": 3000,
            "type": "ingress"
          },
          "sensitive_attributes": [],
          "private": "eyJlMmJmYjczMC1lY2FhLTExZTYtOGY4OC0zNDM2M2JjN2M0YzAiOnsiY3JlYXRlIjozMDAwMDAwMDAwMDB9LCJzY2hlbWFfdmVyc2lvbiI6IjIifQ==",
          "dependencies": [
            "data.aws_vpc.vpc",
            "module.service_alb_security_group.aws_security_group.this",
            "module.service_alb_security_group.aws_security_group.this_name_prefix",
            "module.service_task_security_group.aws_security_group.this",
            "module.service_task_security_group.aws_security_group.this_name_prefix"
          ]
        }
      ]
    },
    {
      "module": "module.vpc",
      "mode": "managed",
      "type": "aws_default_network_acl",
      "name": "this",
      "provider": "provider[\"registry.terraform.io/hashicorp/aws\"]",
      "instances": [
        {
          "index_key": 0,
          "schema_version": 0,
          "attributes": {
            "arn": "arn:aws:ec2:ap-southeast-1:409489027555:network-acl/acl-0d127c2ff3a47f5be",
            "default_network_acl_id": "acl-0d127c2ff3a47f5be",
            "egress": [
              {
                "action": "allow",
                "cidr_block": "",
                "from_port": 0,
                "icmp_code": 0,
                "icmp_type": 0,
                "ipv6_cidr_block": "::/0",
                "protocol": "-1",
                "rule_no": 101,
                "to_port": 0
              },
              {
                "action": "allow",
                "cidr_block": "0.0.0.0/0",
                "from_port": 0,
                "icmp_code": 0,
                "icmp_type": 0,
                "ipv6_cidr_block": "",
                "protocol": "-1",
                "rule_no": 100,
                "to_port": 0
              }
            ],
            "id": "acl-0d127c2ff3a47f5be",
            "ingress": [
              {
                "action": "allow",
                "cidr_block": "",
                "from_port": 0,
                "icmp_code": 0,
                "icmp_type": 0,
                "ipv6_cidr_block": "::/0",
                "protocol": "-1",
                "rule_no": 101,
                "to_port": 0
              },
              {
                "action": "allow",
                "cidr_block": "0.0.0.0/0",
                "from_port": 0,
                "icmp_code": 0,
                "icmp_type": 0,
                "ipv6_cidr_block": "",
                "protocol": "-1",
                "rule_no": 100,
                "to_port": 0
              }
            ],
            "owner_id": "409489027555",
            "subnet_ids": [
              "subnet-05d0d8b7a304708a8",
              "subnet-08de42269b92af062",
              "subnet-0a3cdc9d2aef2db6e",
              "subnet-0bbe496e2cf0a5cdb",
              "subnet-0bf7e93e0acfd4242",
              "subnet-0f6a146546ee17181"
            ],
            "tags": {
              "Blueprint": "ecs-blueprint-infra",
              "GithubRepo": "github.com/smartbenson1/ecs-blueprint-demo",
              "Name": "ecs-blueprint-infra-default"
            },
            "tags_all": {
              "Blueprint": "ecs-blueprint-infra",
              "GithubRepo": "github.com/smartbenson1/ecs-blueprint-demo",
              "Name": "ecs-blueprint-infra-default"
            },
            "vpc_id": "vpc-08a252cde0bffb7bc"
          },
          "sensitive_attributes": [],
          "private": "bnVsbA==",
          "dependencies": [
            "module.vpc.aws_vpc.this"
          ]
        }
      ]
    },
    {
      "module": "module.vpc",
      "mode": "managed",
      "type": "aws_default_route_table",
      "name": "default",
      "provider": "provider[\"registry.terraform.io/hashicorp/aws\"]",
      "instances": [
        {
          "index_key": 0,
          "schema_version": 0,
          "attributes": {
            "arn": "arn:aws:ec2:ap-southeast-1:409489027555:route-table/rtb-04ffebcfd750c76b3",
            "default_route_table_id": "rtb-04ffebcfd750c76b3",
            "id": "rtb-04ffebcfd750c76b3",
            "owner_id": "409489027555",
            "propagating_vgws": [],
            "route": [],
            "tags": {
              "Blueprint": "ecs-blueprint-infra",
              "GithubRepo": "github.com/smartbenson1/ecs-blueprint-demo",
              "Name": "ecs-blueprint-infra-default"
            },
            "tags_all": {
              "Blueprint": "ecs-blueprint-infra",
              "GithubRepo": "github.com/smartbenson1/ecs-blueprint-demo",
              "Name": "ecs-blueprint-infra-default"
            },
            "timeouts": {
              "create": "5m",
              "update": "5m"
            },
            "vpc_id": "vpc-08a252cde0bffb7bc"
          },
          "sensitive_attributes": [],
          "private": "eyJlMmJmYjczMC1lY2FhLTExZTYtOGY4OC0zNDM2M2JjN2M0YzAiOnsiY3JlYXRlIjozMDAwMDAwMDAwMDAsInVwZGF0ZSI6MzAwMDAwMDAwMDAwfX0=",
          "dependencies": [
            "module.vpc.aws_vpc.this"
          ]
        }
      ]
    },
    {
      "module": "module.vpc",
      "mode": "managed",
      "type": "aws_default_security_group",
      "name": "this",
      "provider": "provider[\"registry.terraform.io/hashicorp/aws\"]",
      "instances": [
        {
          "index_key": 0,
          "schema_version": 1,
          "attributes": {
            "arn": "arn:aws:ec2:ap-southeast-1:409489027555:security-group/sg-0336f42ca603506f4",
            "description": "default VPC security group",
            "egress": [],
            "id": "sg-0336f42ca603506f4",
            "ingress": [],
            "name": "default",
            "name_prefix": "",
            "owner_id": "409489027555",
            "revoke_rules_on_delete": false,
            "tags": {
              "Blueprint": "ecs-blueprint-infra",
              "GithubRepo": "github.com/smartbenson1/ecs-blueprint-demo",
              "Name": "ecs-blueprint-infra-default"
            },
            "tags_all": {
              "Blueprint": "ecs-blueprint-infra",
              "GithubRepo": "github.com/smartbenson1/ecs-blueprint-demo",
              "Name": "ecs-blueprint-infra-default"
            },
            "vpc_id": "vpc-08a252cde0bffb7bc"
          },
          "sensitive_attributes": [],
          "private": "eyJzY2hlbWFfdmVyc2lvbiI6IjEifQ==",
          "dependencies": [
            "module.vpc.aws_vpc.this"
          ]
        }
      ]
    },
    {
      "module": "module.vpc",
      "mode": "managed",
      "type": "aws_eip",
      "name": "nat",
      "provider": "provider[\"registry.terraform.io/hashicorp/aws\"]",
      "instances": [
        {
          "index_key": 0,
          "schema_version": 0,
          "attributes": {
            "address": null,
            "allocation_id": "eipalloc-05fcf8092982c6fc5",
            "associate_with_private_ip": null,
            "association_id": "eipassoc-06b34b52fa2cb1cb0",
            "carrier_ip": "",
            "customer_owned_ip": "",
            "customer_owned_ipv4_pool": "",
            "domain": "vpc",
            "id": "eipalloc-05fcf8092982c6fc5",
            "instance": "",
            "network_border_group": "ap-southeast-1",
            "network_interface": "eni-04b34cede225460c2",
            "private_dns": "ip-10-0-0-143.ap-southeast-1.compute.internal",
            "private_ip": "10.0.0.143",
            "public_dns": "ec2-54-251-45-105.ap-southeast-1.compute.amazonaws.com",
            "public_ip": "54.251.45.105",
            "public_ipv4_pool": "amazon",
            "tags": {
              "Blueprint": "ecs-blueprint-infra",
              "GithubRepo": "github.com/smartbenson1/ecs-blueprint-demo",
              "Name": "ecs-blueprint-infra-ap-southeast-1a"
            },
            "tags_all": {
              "Blueprint": "ecs-blueprint-infra",
              "GithubRepo": "github.com/smartbenson1/ecs-blueprint-demo",
              "Name": "ecs-blueprint-infra-ap-southeast-1a"
            },
            "timeouts": null,
            "vpc": true
          },
          "sensitive_attributes": [],
          "private": "eyJlMmJmYjczMC1lY2FhLTExZTYtOGY4OC0zNDM2M2JjN2M0YzAiOnsiZGVsZXRlIjoxODAwMDAwMDAwMDAsInJlYWQiOjkwMDAwMDAwMDAwMCwidXBkYXRlIjozMDAwMDAwMDAwMDB9fQ==",
          "dependencies": [
            "data.aws_availability_zones.available"
          ]
        }
      ]
    },
    {
      "module": "module.vpc",
      "mode": "managed",
      "type": "aws_internet_gateway",
      "name": "this",
      "provider": "provider[\"registry.terraform.io/hashicorp/aws\"]",
      "instances": [
        {
          "index_key": 0,
          "schema_version": 0,
          "attributes": {
            "arn": "arn:aws:ec2:ap-southeast-1:409489027555:internet-gateway/igw-019c31bd377789c21",
            "id": "igw-019c31bd377789c21",
            "owner_id": "409489027555",
            "tags": {
              "Blueprint": "ecs-blueprint-infra",
              "GithubRepo": "github.com/smartbenson1/ecs-blueprint-demo",
              "Name": "ecs-blueprint-infra"
            },
            "tags_all": {
              "Blueprint": "ecs-blueprint-infra",
              "GithubRepo": "github.com/smartbenson1/ecs-blueprint-demo",
              "Name": "ecs-blueprint-infra"
            },
            "timeouts": null,
            "vpc_id": "vpc-08a252cde0bffb7bc"
          },
          "sensitive_attributes": [],
          "private": "eyJlMmJmYjczMC1lY2FhLTExZTYtOGY4OC0zNDM2M2JjN2M0YzAiOnsiY3JlYXRlIjoxMjAwMDAwMDAwMDAwLCJkZWxldGUiOjEyMDAwMDAwMDAwMDAsInVwZGF0ZSI6MTIwMDAwMDAwMDAwMH19",
          "dependencies": [
            "data.aws_availability_zones.available",
            "module.vpc.aws_vpc.this",
            "module.vpc.aws_vpc_ipv4_cidr_block_association.this"
          ]
        }
      ]
    },
    {
      "module": "module.vpc",
      "mode": "managed",
      "type": "aws_nat_gateway",
      "name": "this",
      "provider": "provider[\"registry.terraform.io/hashicorp/aws\"]",
      "instances": [
        {
          "index_key": 0,
          "schema_version": 0,
          "attributes": {
            "allocation_id": "eipalloc-05fcf8092982c6fc5",
            "connectivity_type": "public",
            "id": "nat-0e025bc4ea3b5b849",
            "network_interface_id": "eni-04b34cede225460c2",
            "private_ip": "10.0.0.143",
            "public_ip": "54.251.45.105",
            "subnet_id": "subnet-08de42269b92af062",
            "tags": {
              "Blueprint": "ecs-blueprint-infra",
              "GithubRepo": "github.com/smartbenson1/ecs-blueprint-demo",
              "Name": "ecs-blueprint-infra-ap-southeast-1a"
            },
            "tags_all": {
              "Blueprint": "ecs-blueprint-infra",
              "GithubRepo": "github.com/smartbenson1/ecs-blueprint-demo",
              "Name": "ecs-blueprint-infra-ap-southeast-1a"
            }
          },
          "sensitive_attributes": [],
          "private": "bnVsbA==",
          "dependencies": [
            "data.aws_availability_zones.available",
            "module.vpc.aws_eip.nat",
            "module.vpc.aws_internet_gateway.this",
            "module.vpc.aws_subnet.public",
            "module.vpc.aws_vpc.this",
            "module.vpc.aws_vpc_ipv4_cidr_block_association.this"
          ]
        }
      ]
    },
    {
      "module": "module.vpc",
      "mode": "managed",
      "type": "aws_route",
      "name": "private_nat_gateway",
      "provider": "provider[\"registry.terraform.io/hashicorp/aws\"]",
      "instances": [
        {
          "index_key": 0,
          "schema_version": 0,
          "attributes": {
            "carrier_gateway_id": "",
            "core_network_arn": "",
            "destination_cidr_block": "0.0.0.0/0",
            "destination_ipv6_cidr_block": "",
            "destination_prefix_list_id": "",
            "egress_only_gateway_id": "",
            "gateway_id": "",
            "id": "r-rtb-07a294924a7ecf2dd1080289494",
            "instance_id": "",
            "instance_owner_id": "",
            "local_gateway_id": "",
            "nat_gateway_id": "nat-0e025bc4ea3b5b849",
            "network_interface_id": "",
            "origin": "CreateRoute",
            "route_table_id": "rtb-07a294924a7ecf2dd",
            "state": "active",
            "timeouts": {
              "create": "5m",
              "delete": null,
              "update": null
            },
            "transit_gateway_id": "",
            "vpc_endpoint_id": "",
            "vpc_peering_connection_id": ""
          },
          "sensitive_attributes": [],
          "private": "eyJlMmJmYjczMC1lY2FhLTExZTYtOGY4OC0zNDM2M2JjN2M0YzAiOnsiY3JlYXRlIjozMDAwMDAwMDAwMDAsImRlbGV0ZSI6MzAwMDAwMDAwMDAwLCJ1cGRhdGUiOjEyMDAwMDAwMDAwMH19",
          "dependencies": [
            "data.aws_availability_zones.available",
            "module.vpc.aws_eip.nat",
            "module.vpc.aws_internet_gateway.this",
            "module.vpc.aws_nat_gateway.this",
            "module.vpc.aws_route_table.private",
            "module.vpc.aws_subnet.public",
            "module.vpc.aws_vpc.this",
            "module.vpc.aws_vpc_ipv4_cidr_block_association.this"
          ]
        }
      ]
    },
    {
      "module": "module.vpc",
      "mode": "managed",
      "type": "aws_route",
      "name": "public_internet_gateway",
      "provider": "provider[\"registry.terraform.io/hashicorp/aws\"]",
      "instances": [
        {
          "index_key": 0,
          "schema_version": 0,
          "attributes": {
            "carrier_gateway_id": "",
            "core_network_arn": "",
            "destination_cidr_block": "0.0.0.0/0",
            "destination_ipv6_cidr_block": "",
            "destination_prefix_list_id": "",
            "egress_only_gateway_id": "",
            "gateway_id": "igw-019c31bd377789c21",
            "id": "r-rtb-03115166e5eaed87a1080289494",
            "instance_id": "",
            "instance_owner_id": "",
            "local_gateway_id": "",
            "nat_gateway_id": "",
            "network_interface_id": "",
            "origin": "CreateRoute",
            "route_table_id": "rtb-03115166e5eaed87a",
            "state": "active",
            "timeouts": {
              "create": "5m",
              "delete": null,
              "update": null
            },
            "transit_gateway_id": "",
            "vpc_endpoint_id": "",
            "vpc_peering_connection_id": ""
          },
          "sensitive_attributes": [],
          "private": "eyJlMmJmYjczMC1lY2FhLTExZTYtOGY4OC0zNDM2M2JjN2M0YzAiOnsiY3JlYXRlIjozMDAwMDAwMDAwMDAsImRlbGV0ZSI6MzAwMDAwMDAwMDAwLCJ1cGRhdGUiOjEyMDAwMDAwMDAwMH19",
          "dependencies": [
            "data.aws_availability_zones.available",
            "module.vpc.aws_internet_gateway.this",
            "module.vpc.aws_route_table.public",
            "module.vpc.aws_vpc.this",
            "module.vpc.aws_vpc_ipv4_cidr_block_association.this"
          ]
        }
      ]
    },
    {
      "module": "module.vpc",
      "mode": "managed",
      "type": "aws_route_table",
      "name": "private",
      "provider": "provider[\"registry.terraform.io/hashicorp/aws\"]",
      "instances": [
        {
          "index_key": 0,
          "schema_version": 0,
          "attributes": {
            "arn": "arn:aws:ec2:ap-southeast-1:409489027555:route-table/rtb-07a294924a7ecf2dd",
            "id": "rtb-07a294924a7ecf2dd",
            "owner_id": "409489027555",
            "propagating_vgws": [],
            "route": [
              {
                "carrier_gateway_id": "",
                "cidr_block": "0.0.0.0/0",
                "core_network_arn": "",
                "destination_prefix_list_id": "",
                "egress_only_gateway_id": "",
                "gateway_id": "",
                "instance_id": "",
                "ipv6_cidr_block": "",
                "local_gateway_id": "",
                "nat_gateway_id": "nat-0e025bc4ea3b5b849",
                "network_interface_id": "",
                "transit_gateway_id": "",
                "vpc_endpoint_id": "",
                "vpc_peering_connection_id": ""
              }
            ],
            "tags": {
              "Blueprint": "ecs-blueprint-infra",
              "GithubRepo": "github.com/smartbenson1/ecs-blueprint-demo",
              "Name": "ecs-blueprint-infra-private"
            },
            "tags_all": {
              "Blueprint": "ecs-blueprint-infra",
              "GithubRepo": "github.com/smartbenson1/ecs-blueprint-demo",
              "Name": "ecs-blueprint-infra-private"
            },
            "timeouts": null,
            "vpc_id": "vpc-08a252cde0bffb7bc"
          },
          "sensitive_attributes": [],
          "private": "eyJlMmJmYjczMC1lY2FhLTExZTYtOGY4OC0zNDM2M2JjN2M0YzAiOnsiY3JlYXRlIjozMDAwMDAwMDAwMDAsImRlbGV0ZSI6MzAwMDAwMDAwMDAwLCJ1cGRhdGUiOjEyMDAwMDAwMDAwMH19",
          "dependencies": [
            "data.aws_availability_zones.available",
            "module.vpc.aws_vpc.this",
            "module.vpc.aws_vpc_ipv4_cidr_block_association.this"
          ]
        }
      ]
    },
    {
      "module": "module.vpc",
      "mode": "managed",
      "type": "aws_route_table",
      "name": "public",
      "provider": "provider[\"registry.terraform.io/hashicorp/aws\"]",
      "instances": [
        {
          "index_key": 0,
          "schema_version": 0,
          "attributes": {
            "arn": "arn:aws:ec2:ap-southeast-1:409489027555:route-table/rtb-03115166e5eaed87a",
            "id": "rtb-03115166e5eaed87a",
            "owner_id": "409489027555",
            "propagating_vgws": [],
            "route": [
              {
                "carrier_gateway_id": "",
                "cidr_block": "0.0.0.0/0",
                "core_network_arn": "",
                "destination_prefix_list_id": "",
                "egress_only_gateway_id": "",
                "gateway_id": "igw-019c31bd377789c21",
                "instance_id": "",
                "ipv6_cidr_block": "",
                "local_gateway_id": "",
                "nat_gateway_id": "",
                "network_interface_id": "",
                "transit_gateway_id": "",
                "vpc_endpoint_id": "",
                "vpc_peering_connection_id": ""
              }
            ],
            "tags": {
              "Blueprint": "ecs-blueprint-infra",
              "GithubRepo": "github.com/smartbenson1/ecs-blueprint-demo",
              "Name": "ecs-blueprint-infra-public"
            },
            "tags_all": {
              "Blueprint": "ecs-blueprint-infra",
              "GithubRepo": "github.com/smartbenson1/ecs-blueprint-demo",
              "Name": "ecs-blueprint-infra-public"
            },
            "timeouts": null,
            "vpc_id": "vpc-08a252cde0bffb7bc"
          },
          "sensitive_attributes": [],
          "private": "eyJlMmJmYjczMC1lY2FhLTExZTYtOGY4OC0zNDM2M2JjN2M0YzAiOnsiY3JlYXRlIjozMDAwMDAwMDAwMDAsImRlbGV0ZSI6MzAwMDAwMDAwMDAwLCJ1cGRhdGUiOjEyMDAwMDAwMDAwMH19",
          "dependencies": [
            "data.aws_availability_zones.available",
            "module.vpc.aws_vpc.this",
            "module.vpc.aws_vpc_ipv4_cidr_block_association.this"
          ]
        }
      ]
    },
    {
      "module": "module.vpc",
      "mode": "managed",
      "type": "aws_route_table_association",
      "name": "private",
      "provider": "provider[\"registry.terraform.io/hashicorp/aws\"]",
      "instances": [
        {
          "index_key": 0,
          "schema_version": 0,
          "attributes": {
            "gateway_id": "",
            "id": "rtbassoc-08456bd24a449f7b9",
            "route_table_id": "rtb-07a294924a7ecf2dd",
            "subnet_id": "subnet-05d0d8b7a304708a8"
          },
          "sensitive_attributes": [],
          "private": "bnVsbA==",
          "dependencies": [
            "data.aws_availability_zones.available",
            "module.vpc.aws_route_table.private",
            "module.vpc.aws_subnet.private",
            "module.vpc.aws_vpc.this",
            "module.vpc.aws_vpc_ipv4_cidr_block_association.this"
          ]
        },
        {
          "index_key": 1,
          "schema_version": 0,
          "attributes": {
            "gateway_id": "",
            "id": "rtbassoc-00aaf757f5528a6f6",
            "route_table_id": "rtb-07a294924a7ecf2dd",
            "subnet_id": "subnet-0a3cdc9d2aef2db6e"
          },
          "sensitive_attributes": [],
          "private": "bnVsbA==",
          "dependencies": [
            "data.aws_availability_zones.available",
            "module.vpc.aws_route_table.private",
            "module.vpc.aws_subnet.private",
            "module.vpc.aws_vpc.this",
            "module.vpc.aws_vpc_ipv4_cidr_block_association.this"
          ]
        },
        {
          "index_key": 2,
          "schema_version": 0,
          "attributes": {
            "gateway_id": "",
            "id": "rtbassoc-0ce50e31ffac99c2d",
            "route_table_id": "rtb-07a294924a7ecf2dd",
            "subnet_id": "subnet-0bf7e93e0acfd4242"
          },
          "sensitive_attributes": [],
          "private": "bnVsbA==",
          "dependencies": [
            "data.aws_availability_zones.available",
            "module.vpc.aws_route_table.private",
            "module.vpc.aws_subnet.private",
            "module.vpc.aws_vpc.this",
            "module.vpc.aws_vpc_ipv4_cidr_block_association.this"
          ]
        }
      ]
    },
    {
      "module": "module.vpc",
      "mode": "managed",
      "type": "aws_route_table_association",
      "name": "public",
      "provider": "provider[\"registry.terraform.io/hashicorp/aws\"]",
      "instances": [
        {
          "index_key": 0,
          "schema_version": 0,
          "attributes": {
            "gateway_id": "",
            "id": "rtbassoc-0ce7b3348ac11cd94",
            "route_table_id": "rtb-03115166e5eaed87a",
            "subnet_id": "subnet-08de42269b92af062"
          },
          "sensitive_attributes": [],
          "private": "bnVsbA==",
          "dependencies": [
            "data.aws_availability_zones.available",
            "module.vpc.aws_route_table.public",
            "module.vpc.aws_subnet.public",
            "module.vpc.aws_vpc.this",
            "module.vpc.aws_vpc_ipv4_cidr_block_association.this"
          ]
        },
        {
          "index_key": 1,
          "schema_version": 0,
          "attributes": {
            "gateway_id": "",
            "id": "rtbassoc-049ba2350ef4b762a",
            "route_table_id": "rtb-03115166e5eaed87a",
            "subnet_id": "subnet-0f6a146546ee17181"
          },
          "sensitive_attributes": [],
          "private": "bnVsbA==",
          "dependencies": [
            "data.aws_availability_zones.available",
            "module.vpc.aws_route_table.public",
            "module.vpc.aws_subnet.public",
            "module.vpc.aws_vpc.this",
            "module.vpc.aws_vpc_ipv4_cidr_block_association.this"
          ]
        },
        {
          "index_key": 2,
          "schema_version": 0,
          "attributes": {
            "gateway_id": "",
            "id": "rtbassoc-0454a80b2593e52a6",
            "route_table_id": "rtb-03115166e5eaed87a",
            "subnet_id": "subnet-0bbe496e2cf0a5cdb"
          },
          "sensitive_attributes": [],
          "private": "bnVsbA==",
          "dependencies": [
            "data.aws_availability_zones.available",
            "module.vpc.aws_route_table.public",
            "module.vpc.aws_subnet.public",
            "module.vpc.aws_vpc.this",
            "module.vpc.aws_vpc_ipv4_cidr_block_association.this"
          ]
        }
      ]
    },
    {
      "module": "module.vpc",
      "mode": "managed",
      "type": "aws_subnet",
      "name": "private",
      "provider": "provider[\"registry.terraform.io/hashicorp/aws\"]",
      "instances": [
        {
          "index_key": 0,
          "schema_version": 1,
          "attributes": {
            "arn": "arn:aws:ec2:ap-southeast-1:409489027555:subnet/subnet-05d0d8b7a304708a8",
            "assign_ipv6_address_on_creation": false,
            "availability_zone": "ap-southeast-1a",
            "availability_zone_id": "apse1-az2",
            "cidr_block": "10.0.10.0/24",
            "customer_owned_ipv4_pool": "",
            "enable_dns64": false,
            "enable_resource_name_dns_a_record_on_launch": false,
            "enable_resource_name_dns_aaaa_record_on_launch": false,
            "id": "subnet-05d0d8b7a304708a8",
            "ipv6_cidr_block": "",
            "ipv6_cidr_block_association_id": "",
            "ipv6_native": false,
            "map_customer_owned_ip_on_launch": false,
            "map_public_ip_on_launch": false,
            "outpost_arn": "",
            "owner_id": "409489027555",
            "private_dns_hostname_type_on_launch": "ip-name",
            "tags": {
              "Blueprint": "ecs-blueprint-infra",
              "GithubRepo": "github.com/smartbenson1/ecs-blueprint-demo",
              "Name": "ecs-blueprint-infra-private-ap-southeast-1a"
            },
            "tags_all": {
              "Blueprint": "ecs-blueprint-infra",
              "GithubRepo": "github.com/smartbenson1/ecs-blueprint-demo",
              "Name": "ecs-blueprint-infra-private-ap-southeast-1a"
            },
            "timeouts": null,
            "vpc_id": "vpc-08a252cde0bffb7bc"
          },
          "sensitive_attributes": [],
          "private": "eyJlMmJmYjczMC1lY2FhLTExZTYtOGY4OC0zNDM2M2JjN2M0YzAiOnsiY3JlYXRlIjo2MDAwMDAwMDAwMDAsImRlbGV0ZSI6MTIwMDAwMDAwMDAwMH0sInNjaGVtYV92ZXJzaW9uIjoiMSJ9",
          "dependencies": [
            "data.aws_availability_zones.available",
            "module.vpc.aws_vpc.this",
            "module.vpc.aws_vpc_ipv4_cidr_block_association.this"
          ]
        },
        {
          "index_key": 1,
          "schema_version": 1,
          "attributes": {
            "arn": "arn:aws:ec2:ap-southeast-1:409489027555:subnet/subnet-0a3cdc9d2aef2db6e",
            "assign_ipv6_address_on_creation": false,
            "availability_zone": "ap-southeast-1b",
            "availability_zone_id": "apse1-az1",
            "cidr_block": "10.0.11.0/24",
            "customer_owned_ipv4_pool": "",
            "enable_dns64": false,
            "enable_resource_name_dns_a_record_on_launch": false,
            "enable_resource_name_dns_aaaa_record_on_launch": false,
            "id": "subnet-0a3cdc9d2aef2db6e",
            "ipv6_cidr_block": "",
            "ipv6_cidr_block_association_id": "",
            "ipv6_native": false,
            "map_customer_owned_ip_on_launch": false,
            "map_public_ip_on_launch": false,
            "outpost_arn": "",
            "owner_id": "409489027555",
            "private_dns_hostname_type_on_launch": "ip-name",
            "tags": {
              "Blueprint": "ecs-blueprint-infra",
              "GithubRepo": "github.com/smartbenson1/ecs-blueprint-demo",
              "Name": "ecs-blueprint-infra-private-ap-southeast-1b"
            },
            "tags_all": {
              "Blueprint": "ecs-blueprint-infra",
              "GithubRepo": "github.com/smartbenson1/ecs-blueprint-demo",
              "Name": "ecs-blueprint-infra-private-ap-southeast-1b"
            },
            "timeouts": null,
            "vpc_id": "vpc-08a252cde0bffb7bc"
          },
          "sensitive_attributes": [],
          "private": "eyJlMmJmYjczMC1lY2FhLTExZTYtOGY4OC0zNDM2M2JjN2M0YzAiOnsiY3JlYXRlIjo2MDAwMDAwMDAwMDAsImRlbGV0ZSI6MTIwMDAwMDAwMDAwMH0sInNjaGVtYV92ZXJzaW9uIjoiMSJ9",
          "dependencies": [
            "data.aws_availability_zones.available",
            "module.vpc.aws_vpc.this",
            "module.vpc.aws_vpc_ipv4_cidr_block_association.this"
          ]
        },
        {
          "index_key": 2,
          "schema_version": 1,
          "attributes": {
            "arn": "arn:aws:ec2:ap-southeast-1:409489027555:subnet/subnet-0bf7e93e0acfd4242",
            "assign_ipv6_address_on_creation": false,
            "availability_zone": "ap-southeast-1c",
            "availability_zone_id": "apse1-az3",
            "cidr_block": "10.0.12.0/24",
            "customer_owned_ipv4_pool": "",
            "enable_dns64": false,
            "enable_resource_name_dns_a_record_on_launch": false,
            "enable_resource_name_dns_aaaa_record_on_launch": false,
            "id": "subnet-0bf7e93e0acfd4242",
            "ipv6_cidr_block": "",
            "ipv6_cidr_block_association_id": "",
            "ipv6_native": false,
            "map_customer_owned_ip_on_launch": false,
            "map_public_ip_on_launch": false,
            "outpost_arn": "",
            "owner_id": "409489027555",
            "private_dns_hostname_type_on_launch": "ip-name",
            "tags": {
              "Blueprint": "ecs-blueprint-infra",
              "GithubRepo": "github.com/smartbenson1/ecs-blueprint-demo",
              "Name": "ecs-blueprint-infra-private-ap-southeast-1c"
            },
            "tags_all": {
              "Blueprint": "ecs-blueprint-infra",
              "GithubRepo": "github.com/smartbenson1/ecs-blueprint-demo",
              "Name": "ecs-blueprint-infra-private-ap-southeast-1c"
            },
            "timeouts": null,
            "vpc_id": "vpc-08a252cde0bffb7bc"
          },
          "sensitive_attributes": [],
          "private": "eyJlMmJmYjczMC1lY2FhLTExZTYtOGY4OC0zNDM2M2JjN2M0YzAiOnsiY3JlYXRlIjo2MDAwMDAwMDAwMDAsImRlbGV0ZSI6MTIwMDAwMDAwMDAwMH0sInNjaGVtYV92ZXJzaW9uIjoiMSJ9",
          "dependencies": [
            "data.aws_availability_zones.available",
            "module.vpc.aws_vpc.this",
            "module.vpc.aws_vpc_ipv4_cidr_block_association.this"
          ]
        }
      ]
    },
    {
      "module": "module.vpc",
      "mode": "managed",
      "type": "aws_subnet",
      "name": "public",
      "provider": "provider[\"registry.terraform.io/hashicorp/aws\"]",
      "instances": [
        {
          "index_key": 0,
          "schema_version": 1,
          "attributes": {
            "arn": "arn:aws:ec2:ap-southeast-1:409489027555:subnet/subnet-08de42269b92af062",
            "assign_ipv6_address_on_creation": false,
            "availability_zone": "ap-southeast-1a",
            "availability_zone_id": "apse1-az2",
            "cidr_block": "10.0.0.0/24",
            "customer_owned_ipv4_pool": "",
            "enable_dns64": false,
            "enable_resource_name_dns_a_record_on_launch": false,
            "enable_resource_name_dns_aaaa_record_on_launch": false,
            "id": "subnet-08de42269b92af062",
            "ipv6_cidr_block": "",
            "ipv6_cidr_block_association_id": "",
            "ipv6_native": false,
            "map_customer_owned_ip_on_launch": false,
            "map_public_ip_on_launch": true,
            "outpost_arn": "",
            "owner_id": "409489027555",
            "private_dns_hostname_type_on_launch": "ip-name",
            "tags": {
              "Blueprint": "ecs-blueprint-infra",
              "GithubRepo": "github.com/smartbenson1/ecs-blueprint-demo",
              "Name": "ecs-blueprint-infra-public-ap-southeast-1a"
            },
            "tags_all": {
              "Blueprint": "ecs-blueprint-infra",
              "GithubRepo": "github.com/smartbenson1/ecs-blueprint-demo",
              "Name": "ecs-blueprint-infra-public-ap-southeast-1a"
            },
            "timeouts": null,
            "vpc_id": "vpc-08a252cde0bffb7bc"
          },
          "sensitive_attributes": [],
          "private": "eyJlMmJmYjczMC1lY2FhLTExZTYtOGY4OC0zNDM2M2JjN2M0YzAiOnsiY3JlYXRlIjo2MDAwMDAwMDAwMDAsImRlbGV0ZSI6MTIwMDAwMDAwMDAwMH0sInNjaGVtYV92ZXJzaW9uIjoiMSJ9",
          "dependencies": [
            "data.aws_availability_zones.available",
            "module.vpc.aws_vpc.this",
            "module.vpc.aws_vpc_ipv4_cidr_block_association.this"
          ]
        },
        {
          "index_key": 1,
          "schema_version": 1,
          "attributes": {
            "arn": "arn:aws:ec2:ap-southeast-1:409489027555:subnet/subnet-0f6a146546ee17181",
            "assign_ipv6_address_on_creation": false,
            "availability_zone": "ap-southeast-1b",
            "availability_zone_id": "apse1-az1",
            "cidr_block": "10.0.1.0/24",
            "customer_owned_ipv4_pool": "",
            "enable_dns64": false,
            "enable_resource_name_dns_a_record_on_launch": false,
            "enable_resource_name_dns_aaaa_record_on_launch": false,
            "id": "subnet-0f6a146546ee17181",
            "ipv6_cidr_block": "",
            "ipv6_cidr_block_association_id": "",
            "ipv6_native": false,
            "map_customer_owned_ip_on_launch": false,
            "map_public_ip_on_launch": true,
            "outpost_arn": "",
            "owner_id": "409489027555",
            "private_dns_hostname_type_on_launch": "ip-name",
            "tags": {
              "Blueprint": "ecs-blueprint-infra",
              "GithubRepo": "github.com/smartbenson1/ecs-blueprint-demo",
              "Name": "ecs-blueprint-infra-public-ap-southeast-1b"
            },
            "tags_all": {
              "Blueprint": "ecs-blueprint-infra",
              "GithubRepo": "github.com/smartbenson1/ecs-blueprint-demo",
              "Name": "ecs-blueprint-infra-public-ap-southeast-1b"
            },
            "timeouts": null,
            "vpc_id": "vpc-08a252cde0bffb7bc"
          },
          "sensitive_attributes": [],
          "private": "eyJlMmJmYjczMC1lY2FhLTExZTYtOGY4OC0zNDM2M2JjN2M0YzAiOnsiY3JlYXRlIjo2MDAwMDAwMDAwMDAsImRlbGV0ZSI6MTIwMDAwMDAwMDAwMH0sInNjaGVtYV92ZXJzaW9uIjoiMSJ9",
          "dependencies": [
            "data.aws_availability_zones.available",
            "module.vpc.aws_vpc.this",
            "module.vpc.aws_vpc_ipv4_cidr_block_association.this"
          ]
        },
        {
          "index_key": 2,
          "schema_version": 1,
          "attributes": {
            "arn": "arn:aws:ec2:ap-southeast-1:409489027555:subnet/subnet-0bbe496e2cf0a5cdb",
            "assign_ipv6_address_on_creation": false,
            "availability_zone": "ap-southeast-1c",
            "availability_zone_id": "apse1-az3",
            "cidr_block": "10.0.2.0/24",
            "customer_owned_ipv4_pool": "",
            "enable_dns64": false,
            "enable_resource_name_dns_a_record_on_launch": false,
            "enable_resource_name_dns_aaaa_record_on_launch": false,
            "id": "subnet-0bbe496e2cf0a5cdb",
            "ipv6_cidr_block": "",
            "ipv6_cidr_block_association_id": "",
            "ipv6_native": false,
            "map_customer_owned_ip_on_launch": false,
            "map_public_ip_on_launch": true,
            "outpost_arn": "",
            "owner_id": "409489027555",
            "private_dns_hostname_type_on_launch": "ip-name",
            "tags": {
              "Blueprint": "ecs-blueprint-infra",
              "GithubRepo": "github.com/smartbenson1/ecs-blueprint-demo",
              "Name": "ecs-blueprint-infra-public-ap-southeast-1c"
            },
            "tags_all": {
              "Blueprint": "ecs-blueprint-infra",
              "GithubRepo": "github.com/smartbenson1/ecs-blueprint-demo",
              "Name": "ecs-blueprint-infra-public-ap-southeast-1c"
            },
            "timeouts": null,
            "vpc_id": "vpc-08a252cde0bffb7bc"
          },
          "sensitive_attributes": [],
          "private": "eyJlMmJmYjczMC1lY2FhLTExZTYtOGY4OC0zNDM2M2JjN2M0YzAiOnsiY3JlYXRlIjo2MDAwMDAwMDAwMDAsImRlbGV0ZSI6MTIwMDAwMDAwMDAwMH0sInNjaGVtYV92ZXJzaW9uIjoiMSJ9",
          "dependencies": [
            "data.aws_availability_zones.available",
            "module.vpc.aws_vpc.this",
            "module.vpc.aws_vpc_ipv4_cidr_block_association.this"
          ]
        }
      ]
    },
    {
      "module": "module.vpc",
      "mode": "managed",
      "type": "aws_vpc",
      "name": "this",
      "provider": "provider[\"registry.terraform.io/hashicorp/aws\"]",
      "instances": [
        {
          "index_key": 0,
          "schema_version": 1,
          "attributes": {
            "arn": "arn:aws:ec2:ap-southeast-1:409489027555:vpc/vpc-08a252cde0bffb7bc",
            "assign_generated_ipv6_cidr_block": false,
            "cidr_block": "10.0.0.0/16",
            "default_network_acl_id": "acl-0d127c2ff3a47f5be",
            "default_route_table_id": "rtb-04ffebcfd750c76b3",
            "default_security_group_id": "sg-0336f42ca603506f4",
            "dhcp_options_id": "dopt-28fad44f",
            "enable_classiclink": false,
            "enable_classiclink_dns_support": false,
            "enable_dns_hostnames": true,
            "enable_dns_support": true,
            "id": "vpc-08a252cde0bffb7bc",
            "instance_tenancy": "default",
            "ipv4_ipam_pool_id": null,
            "ipv4_netmask_length": null,
            "ipv6_association_id": "",
            "ipv6_cidr_block": "",
            "ipv6_cidr_block_network_border_group": "",
            "ipv6_ipam_pool_id": "",
            "ipv6_netmask_length": 0,
            "main_route_table_id": "rtb-04ffebcfd750c76b3",
            "owner_id": "409489027555",
            "tags": {
              "Blueprint": "ecs-blueprint-infra",
              "GithubRepo": "github.com/smartbenson1/ecs-blueprint-demo",
              "Name": "ecs-blueprint-infra"
            },
            "tags_all": {
              "Blueprint": "ecs-blueprint-infra",
              "GithubRepo": "github.com/smartbenson1/ecs-blueprint-demo",
              "Name": "ecs-blueprint-infra"
            }
          },
          "sensitive_attributes": [],
          "private": "eyJzY2hlbWFfdmVyc2lvbiI6IjEifQ=="
        }
      ]
    }
  ]
}
